
Microsoft Visual Studio Solution File, Format Version 12.00
# Visual Studio 14
VisualStudioVersion = 14.0.24720.0
MinimumVisualStudioVersion = 10.0.40219.1
Project("{2150E333-8FDC-42A3-9474-1A3956D46DE8}") = "Mods", "Mods", "{D8EB8FAC-BCAC-499D-BD13-81672F19F0E9}"
EndProject
Project("{2150E333-8FDC-42A3-9474-1A3956D46DE8}") = "Installers", "Installers", "{8090819E-F6FF-4299-AA01-8088ABCA8D05}"
EndProject
Project("{2150E333-8FDC-42A3-9474-1A3956D46DE8}") = "Libraries", "Libraries", "{F96238FE-3853-4742-8770-F07296FF08CF}"
EndProject
Project("{2150E333-8FDC-42A3-9474-1A3956D46DE8}") = "Tools", "Tools", "{17763EAD-C4E7-4DC1-95D7-B70892939CF0}"
EndProject
Project("{FAE04EC0-301F-11D3-BF4B-00C04F79EFBC}") = "FarmhandInstaller-Console", "Installers\FarmhandInstaller-Console\FarmhandInstaller-Console.csproj", "{23EF7A22-E67F-4CB5-A83E-EC108BBA3201}"
	ProjectSection(ProjectDependencies) = postProject
		{A857E9EB-3C51-4D9D-92B3-ACC90175EB7E} = {A857E9EB-3C51-4D9D-92B3-ACC90175EB7E}
	EndProjectSection
EndProject
Project("{FAE04EC0-301F-11D3-BF4B-00C04F79EFBC}") = "Farmhand", "Libraries\Farmhand\Farmhand.csproj", "{A857E9EB-3C51-4D9D-92B3-ACC90175EB7E}"
EndProject
Project("{FAE04EC0-301F-11D3-BF4B-00C04F79EFBC}") = "LoggingMod", "Mods\LoggingMod\LoggingMod.csproj", "{C20C27F0-30EC-4CEC-A6C1-D134B001FE68}"
	ProjectSection(ProjectDependencies) = postProject
		{C12052C1-872A-4B04-97FB-9347A4539C87} = {C12052C1-872A-4B04-97FB-9347A4539C87}
	EndProjectSection
EndProject
Project("{FAE04EC0-301F-11D3-BF4B-00C04F79EFBC}") = "ModLoaderMod", "Mods\ModLoaderMod\ModLoaderMod.csproj", "{38B646E5-3C3D-4B7B-83BF-5686CFCF773E}"
	ProjectSection(ProjectDependencies) = postProject
		{C12052C1-872A-4B04-97FB-9347A4539C87} = {C12052C1-872A-4B04-97FB-9347A4539C87}
	EndProjectSection
EndProject
Project("{FAE04EC0-301F-11D3-BF4B-00C04F79EFBC}") = "FarmhandDebugger", "Tools\FarmhandDebugger\FarmhandDebugger.csproj", "{4EF4F830-92A1-46D1-8E70-38C5BF52165B}"
	ProjectSection(ProjectDependencies) = postProject
		{DA0DFE9E-363D-411E-BBB5-B22C6379CC0F} = {DA0DFE9E-363D-411E-BBB5-B22C6379CC0F}
		{C12052C1-872A-4B04-97FB-9347A4539C87} = {C12052C1-872A-4B04-97FB-9347A4539C87}
		{A2930AD9-B3B4-40A6-8ECD-47A251C8ECFC} = {A2930AD9-B3B4-40A6-8ECD-47A251C8ECFC}
		{38B646E5-3C3D-4B7B-83BF-5686CFCF773E} = {38B646E5-3C3D-4B7B-83BF-5686CFCF773E}
		{802680EB-8A43-447A-BE01-4BFEB12B0106} = {802680EB-8A43-447A-BE01-4BFEB12B0106}
		{C20C27F0-30EC-4CEC-A6C1-D134B001FE68} = {C20C27F0-30EC-4CEC-A6C1-D134B001FE68}
	EndProjectSection
EndProject
Project("{FAE04EC0-301F-11D3-BF4B-00C04F79EFBC}") = "FarmhandUI", "Libraries\FarmhandUI\FarmhandUI.csproj", "{C48982A8-FC03-4688-B0FD-31813A7EE688}"
	ProjectSection(ProjectDependencies) = postProject
		{06DA637B-2C33-423D-A222-E2D909EEA47E} = {06DA637B-2C33-423D-A222-E2D909EEA47E}
	EndProjectSection
EndProject
Project("{FAE04EC0-301F-11D3-BF4B-00C04F79EFBC}") = "FarmhandPatcherFirstPass", "Libraries\FarmhandPatcherFirstPass\FarmhandPatcherFirstPass.csproj", "{5694F858-4837-4354-A808-0C7941D45B58}"
EndProject
Project("{FAE04EC0-301F-11D3-BF4B-00C04F79EFBC}") = "FarmhandPatcherSecondPass", "Libraries\FarmhandPatcherSecondPass\FarmhandPatcherSecondPass.csproj", "{54E08588-2A70-4545-9FCE-0E3B6B04158A}"
EndProject
Project("{FAE04EC0-301F-11D3-BF4B-00C04F79EFBC}") = "FarmhandPatcherCommon", "Libraries\FarmhandPatcherCommon\FarmhandPatcherCommon.csproj", "{7F304954-A190-4003-B11E-A9043113396D}"
EndProject
Project("{2150E333-8FDC-42A3-9474-1A3956D46DE8}") = "BuildTasks", "BuildTasks", "{124E9A49-304B-4157-80A1-F9F776745F9C}"
EndProject
Project("{FAE04EC0-301F-11D3-BF4B-00C04F79EFBC}") = "BuildFarmhandIntermediate", "BuildTasks\BuildFarmhandIntermediate\BuildFarmhandIntermediate.csproj", "{06DA637B-2C33-423D-A222-E2D909EEA47E}"
	ProjectSection(ProjectDependencies) = postProject
		{23EF7A22-E67F-4CB5-A83E-EC108BBA3201} = {23EF7A22-E67F-4CB5-A83E-EC108BBA3201}
		{7F304954-A190-4003-B11E-A9043113396D} = {7F304954-A190-4003-B11E-A9043113396D}
		{5694F858-4837-4354-A808-0C7941D45B58} = {5694F858-4837-4354-A808-0C7941D45B58}
		{A857E9EB-3C51-4D9D-92B3-ACC90175EB7E} = {A857E9EB-3C51-4D9D-92B3-ACC90175EB7E}
	EndProjectSection
EndProject
Project("{FAE04EC0-301F-11D3-BF4B-00C04F79EFBC}") = "BuildFarmhandFinal", "BuildTasks\BuildFarmhandFinal\BuildFarmhandFinal.csproj", "{C12052C1-872A-4B04-97FB-9347A4539C87}"
	ProjectSection(ProjectDependencies) = postProject
		{23EF7A22-E67F-4CB5-A83E-EC108BBA3201} = {23EF7A22-E67F-4CB5-A83E-EC108BBA3201}
		{7F304954-A190-4003-B11E-A9043113396D} = {7F304954-A190-4003-B11E-A9043113396D}
		{5694F858-4837-4354-A808-0C7941D45B58} = {5694F858-4837-4354-A808-0C7941D45B58}
		{06DA637B-2C33-423D-A222-E2D909EEA47E} = {06DA637B-2C33-423D-A222-E2D909EEA47E}
		{54E08588-2A70-4545-9FCE-0E3B6B04158A} = {54E08588-2A70-4545-9FCE-0E3B6B04158A}
	EndProjectSection
EndProject
Project("{FAE04EC0-301F-11D3-BF4B-00C04F79EFBC}") = "TestContentMod", "Mods\TestContentMod\TestContentMod.csproj", "{DA0DFE9E-363D-411E-BBB5-B22C6379CC0F}"
	ProjectSection(ProjectDependencies) = postProject
		{C12052C1-872A-4B04-97FB-9347A4539C87} = {C12052C1-872A-4B04-97FB-9347A4539C87}
	EndProjectSection
EndProject
Project("{FAE04EC0-301F-11D3-BF4B-00C04F79EFBC}") = "JuminoDepositAnywhereMod", "Mods\JuminoDepositAnywhereMod\JuminoDepositAnywhereMod.csproj", "{802680EB-8A43-447A-BE01-4BFEB12B0106}"
	ProjectSection(ProjectDependencies) = postProject
		{C12052C1-872A-4B04-97FB-9347A4539C87} = {C12052C1-872A-4B04-97FB-9347A4539C87}
	EndProjectSection
EndProject
Project("{FAE04EC0-301F-11D3-BF4B-00C04F79EFBC}") = "SmapiCompatibilityLayer", "Libraries\SmapiCompatibilityLayer\SmapiCompatibilityLayer.csproj", "{A2930AD9-B3B4-40A6-8ECD-47A251C8ECFC}"
	ProjectSection(ProjectDependencies) = postProject
		{C12052C1-872A-4B04-97FB-9347A4539C87} = {C12052C1-872A-4B04-97FB-9347A4539C87}
	EndProjectSection
EndProject
Project("{FAE04EC0-301F-11D3-BF4B-00C04F79EFBC}") = "FarmhandInstaller-UI", "Installers\FarmhandInstaller-UI\FarmhandInstaller-UI.csproj", "{A90B4825-47D2-4801-9E94-D37381B27F63}"
	ProjectSection(ProjectDependencies) = postProject
		{23EF7A22-E67F-4CB5-A83E-EC108BBA3201} = {23EF7A22-E67F-4CB5-A83E-EC108BBA3201}
		{7F304954-A190-4003-B11E-A9043113396D} = {7F304954-A190-4003-B11E-A9043113396D}
		{5694F858-4837-4354-A808-0C7941D45B58} = {5694F858-4837-4354-A808-0C7941D45B58}
		{54E08588-2A70-4545-9FCE-0E3B6B04158A} = {54E08588-2A70-4545-9FCE-0E3B6B04158A}
		{C48982A8-FC03-4688-B0FD-31813A7EE688} = {C48982A8-FC03-4688-B0FD-31813A7EE688}
		{A2930AD9-B3B4-40A6-8ECD-47A251C8ECFC} = {A2930AD9-B3B4-40A6-8ECD-47A251C8ECFC}
		{A857E9EB-3C51-4D9D-92B3-ACC90175EB7E} = {A857E9EB-3C51-4D9D-92B3-ACC90175EB7E}
	EndProjectSection
EndProject
Global
	GlobalSection(SolutionConfigurationPlatforms) = preSolution
		Debug|Any CPU = Debug|Any CPU
		Release|Any CPU = Release|Any CPU
	EndGlobalSection
	GlobalSection(ProjectConfigurationPlatforms) = postSolution
		{23EF7A22-E67F-4CB5-A83E-EC108BBA3201}.Debug|Any CPU.ActiveCfg = Debug|Any CPU
		{23EF7A22-E67F-4CB5-A83E-EC108BBA3201}.Debug|Any CPU.Build.0 = Debug|Any CPU
		{23EF7A22-E67F-4CB5-A83E-EC108BBA3201}.Release|Any CPU.ActiveCfg = Release|Any CPU
		{23EF7A22-E67F-4CB5-A83E-EC108BBA3201}.Release|Any CPU.Build.0 = Release|Any CPU
		{A857E9EB-3C51-4D9D-92B3-ACC90175EB7E}.Debug|Any CPU.ActiveCfg = Debug|Any CPU
		{A857E9EB-3C51-4D9D-92B3-ACC90175EB7E}.Debug|Any CPU.Build.0 = Debug|Any CPU
		{A857E9EB-3C51-4D9D-92B3-ACC90175EB7E}.Release|Any CPU.ActiveCfg = Release|Any CPU
		{A857E9EB-3C51-4D9D-92B3-ACC90175EB7E}.Release|Any CPU.Build.0 = Release|Any CPU
		{C20C27F0-30EC-4CEC-A6C1-D134B001FE68}.Debug|Any CPU.ActiveCfg = Debug|Any CPU
		{C20C27F0-30EC-4CEC-A6C1-D134B001FE68}.Debug|Any CPU.Build.0 = Debug|Any CPU
		{C20C27F0-30EC-4CEC-A6C1-D134B001FE68}.Release|Any CPU.ActiveCfg = Release|Any CPU
		{C20C27F0-30EC-4CEC-A6C1-D134B001FE68}.Release|Any CPU.Build.0 = Release|Any CPU
		{38B646E5-3C3D-4B7B-83BF-5686CFCF773E}.Debug|Any CPU.ActiveCfg = Debug|Any CPU
		{38B646E5-3C3D-4B7B-83BF-5686CFCF773E}.Debug|Any CPU.Build.0 = Debug|Any CPU
		{38B646E5-3C3D-4B7B-83BF-5686CFCF773E}.Release|Any CPU.ActiveCfg = Release|Any CPU
		{38B646E5-3C3D-4B7B-83BF-5686CFCF773E}.Release|Any CPU.Build.0 = Release|Any CPU
		{4EF4F830-92A1-46D1-8E70-38C5BF52165B}.Debug|Any CPU.ActiveCfg = Debug|Any CPU
		{4EF4F830-92A1-46D1-8E70-38C5BF52165B}.Debug|Any CPU.Build.0 = Debug|Any CPU
		{4EF4F830-92A1-46D1-8E70-38C5BF52165B}.Release|Any CPU.ActiveCfg = Release|Any CPU
		{4EF4F830-92A1-46D1-8E70-38C5BF52165B}.Release|Any CPU.Build.0 = Release|Any CPU
		{C48982A8-FC03-4688-B0FD-31813A7EE688}.Debug|Any CPU.ActiveCfg = Debug|Any CPU
		{C48982A8-FC03-4688-B0FD-31813A7EE688}.Debug|Any CPU.Build.0 = Debug|Any CPU
		{C48982A8-FC03-4688-B0FD-31813A7EE688}.Release|Any CPU.ActiveCfg = Release|Any CPU
		{C48982A8-FC03-4688-B0FD-31813A7EE688}.Release|Any CPU.Build.0 = Release|Any CPU
		{5694F858-4837-4354-A808-0C7941D45B58}.Debug|Any CPU.ActiveCfg = Debug|Any CPU
		{5694F858-4837-4354-A808-0C7941D45B58}.Debug|Any CPU.Build.0 = Debug|Any CPU
		{5694F858-4837-4354-A808-0C7941D45B58}.Release|Any CPU.ActiveCfg = Release|Any CPU
		{5694F858-4837-4354-A808-0C7941D45B58}.Release|Any CPU.Build.0 = Release|Any CPU
		{54E08588-2A70-4545-9FCE-0E3B6B04158A}.Debug|Any CPU.ActiveCfg = Debug|Any CPU
		{54E08588-2A70-4545-9FCE-0E3B6B04158A}.Debug|Any CPU.Build.0 = Debug|Any CPU
		{54E08588-2A70-4545-9FCE-0E3B6B04158A}.Release|Any CPU.ActiveCfg = Release|Any CPU
		{54E08588-2A70-4545-9FCE-0E3B6B04158A}.Release|Any CPU.Build.0 = Release|Any CPU
		{7F304954-A190-4003-B11E-A9043113396D}.Debug|Any CPU.ActiveCfg = Debug|Any CPU
		{7F304954-A190-4003-B11E-A9043113396D}.Debug|Any CPU.Build.0 = Debug|Any CPU
		{7F304954-A190-4003-B11E-A9043113396D}.Release|Any CPU.ActiveCfg = Release|Any CPU
		{7F304954-A190-4003-B11E-A9043113396D}.Release|Any CPU.Build.0 = Release|Any CPU
		{06DA637B-2C33-423D-A222-E2D909EEA47E}.Debug|Any CPU.ActiveCfg = Debug|Any CPU
		{06DA637B-2C33-423D-A222-E2D909EEA47E}.Debug|Any CPU.Build.0 = Debug|Any CPU
		{06DA637B-2C33-423D-A222-E2D909EEA47E}.Release|Any CPU.ActiveCfg = Release|Any CPU
		{06DA637B-2C33-423D-A222-E2D909EEA47E}.Release|Any CPU.Build.0 = Release|Any CPU
		{C12052C1-872A-4B04-97FB-9347A4539C87}.Debug|Any CPU.ActiveCfg = Debug|Any CPU
		{C12052C1-872A-4B04-97FB-9347A4539C87}.Debug|Any CPU.Build.0 = Debug|Any CPU
		{C12052C1-872A-4B04-97FB-9347A4539C87}.Release|Any CPU.ActiveCfg = Release|Any CPU
		{C12052C1-872A-4B04-97FB-9347A4539C87}.Release|Any CPU.Build.0 = Release|Any CPU
		{DA0DFE9E-363D-411E-BBB5-B22C6379CC0F}.Debug|Any CPU.ActiveCfg = Debug|Any CPU
		{DA0DFE9E-363D-411E-BBB5-B22C6379CC0F}.Debug|Any CPU.Build.0 = Debug|Any CPU
		{DA0DFE9E-363D-411E-BBB5-B22C6379CC0F}.Release|Any CPU.ActiveCfg = Release|Any CPU
		{DA0DFE9E-363D-411E-BBB5-B22C6379CC0F}.Release|Any CPU.Build.0 = Release|Any CPU
		{802680EB-8A43-447A-BE01-4BFEB12B0106}.Debug|Any CPU.ActiveCfg = Debug|Any CPU
		{802680EB-8A43-447A-BE01-4BFEB12B0106}.Debug|Any CPU.Build.0 = Debug|Any CPU
		{802680EB-8A43-447A-BE01-4BFEB12B0106}.Release|Any CPU.ActiveCfg = Release|Any CPU
		{802680EB-8A43-447A-BE01-4BFEB12B0106}.Release|Any CPU.Build.0 = Release|Any CPU
		{A2930AD9-B3B4-40A6-8ECD-47A251C8ECFC}.Debug|Any CPU.ActiveCfg = Debug|Any CPU
		{A2930AD9-B3B4-40A6-8ECD-47A251C8ECFC}.Debug|Any CPU.Build.0 = Debug|Any CPU
		{A2930AD9-B3B4-40A6-8ECD-47A251C8ECFC}.Release|Any CPU.ActiveCfg = Release|Any CPU
		{A2930AD9-B3B4-40A6-8ECD-47A251C8ECFC}.Release|Any CPU.Build.0 = Release|Any CPU
		{A90B4825-47D2-4801-9E94-D37381B27F63}.Debug|Any CPU.ActiveCfg = Debug|Any CPU
		{A90B4825-47D2-4801-9E94-D37381B27F63}.Debug|Any CPU.Build.0 = Debug|Any CPU
		{A90B4825-47D2-4801-9E94-D37381B27F63}.Release|Any CPU.ActiveCfg = Release|Any CPU
		{A90B4825-47D2-4801-9E94-D37381B27F63}.Release|Any CPU.Build.0 = Release|Any CPU
	EndGlobalSection
	GlobalSection(SolutionProperties) = preSolution
		HideSolutionNode = FALSE
	EndGlobalSection
	GlobalSection(NestedProjects) = preSolution
		{23EF7A22-E67F-4CB5-A83E-EC108BBA3201} = {8090819E-F6FF-4299-AA01-8088ABCA8D05}
		{A857E9EB-3C51-4D9D-92B3-ACC90175EB7E} = {F96238FE-3853-4742-8770-F07296FF08CF}
		{C20C27F0-30EC-4CEC-A6C1-D134B001FE68} = {D8EB8FAC-BCAC-499D-BD13-81672F19F0E9}
		{38B646E5-3C3D-4B7B-83BF-5686CFCF773E} = {D8EB8FAC-BCAC-499D-BD13-81672F19F0E9}
		{4EF4F830-92A1-46D1-8E70-38C5BF52165B} = {17763EAD-C4E7-4DC1-95D7-B70892939CF0}
		{C48982A8-FC03-4688-B0FD-31813A7EE688} = {F96238FE-3853-4742-8770-F07296FF08CF}
		{5694F858-4837-4354-A808-0C7941D45B58} = {F96238FE-3853-4742-8770-F07296FF08CF}
		{54E08588-2A70-4545-9FCE-0E3B6B04158A} = {F96238FE-3853-4742-8770-F07296FF08CF}
		{7F304954-A190-4003-B11E-A9043113396D} = {F96238FE-3853-4742-8770-F07296FF08CF}
		{06DA637B-2C33-423D-A222-E2D909EEA47E} = {124E9A49-304B-4157-80A1-F9F776745F9C}
		{C12052C1-872A-4B04-97FB-9347A4539C87} = {124E9A49-304B-4157-80A1-F9F776745F9C}
		{DA0DFE9E-363D-411E-BBB5-B22C6379CC0F} = {D8EB8FAC-BCAC-499D-BD13-81672F19F0E9}
		{802680EB-8A43-447A-BE01-4BFEB12B0106} = {D8EB8FAC-BCAC-499D-BD13-81672F19F0E9}
		{A2930AD9-B3B4-40A6-8ECD-47A251C8ECFC} = {F96238FE-3853-4742-8770-F07296FF08CF}
		{A90B4825-47D2-4801-9E94-D37381B27F63} = {8090819E-F6FF-4299-AA01-8088ABCA8D05}
	EndGlobalSection
EndGlobal
