
Microsoft Visual Studio Solution File, Format Version 12.00
# Visual Studio 14
VisualStudioVersion = 14.0.25420.1
MinimumVisualStudioVersion = 10.0.40219.1
Project("{2150E333-8FDC-42A3-9474-1A3956D46DE8}") = "Mods", "Mods", "{D8EB8FAC-BCAC-499D-BD13-81672F19F0E9}"
EndProject
Project("{2150E333-8FDC-42A3-9474-1A3956D46DE8}") = "Installers", "Installers", "{8090819E-F6FF-4299-AA01-8088ABCA8D05}"
EndProject
Project("{2150E333-8FDC-42A3-9474-1A3956D46DE8}") = "Libraries", "Libraries", "{F96238FE-3853-4742-8770-F07296FF08CF}"
EndProject
Project("{2150E333-8FDC-42A3-9474-1A3956D46DE8}") = "Tools", "Tools", "{17763EAD-C4E7-4DC1-95D7-B70892939CF0}"
EndProject
Project("{FAE04EC0-301F-11D3-BF4B-00C04F79EFBC}") = "FarmhandInstaller-Console", "Installers\FarmhandInstaller-Console\FarmhandInstaller-Console.csproj", "{23EF7A22-E67F-4CB5-A83E-EC108BBA3201}"
	ProjectSection(ProjectDependencies) = postProject
		{A857E9EB-3C51-4D9D-92B3-ACC90175EB7E} = {A857E9EB-3C51-4D9D-92B3-ACC90175EB7E}
	EndProjectSection
EndProject
Project("{FAE04EC0-301F-11D3-BF4B-00C04F79EFBC}") = "Farmhand", "Libraries\Farmhand\Farmhand.csproj", "{A857E9EB-3C51-4D9D-92B3-ACC90175EB7E}"
EndProject
Project("{FAE04EC0-301F-11D3-BF4B-00C04F79EFBC}") = "LoggingMod", "Mods\LoggingMod\LoggingMod.csproj", "{C20C27F0-30EC-4CEC-A6C1-D134B001FE68}"
	ProjectSection(ProjectDependencies) = postProject
		{C12052C1-872A-4B04-97FB-9347A4539C87} = {C12052C1-872A-4B04-97FB-9347A4539C87}
	EndProjectSection
EndProject
Project("{FAE04EC0-301F-11D3-BF4B-00C04F79EFBC}") = "ModLoaderMod", "Mods\ModLoaderMod\ModLoaderMod.csproj", "{38B646E5-3C3D-4B7B-83BF-5686CFCF773E}"
	ProjectSection(ProjectDependencies) = postProject
		{C12052C1-872A-4B04-97FB-9347A4539C87} = {C12052C1-872A-4B04-97FB-9347A4539C87}
	EndProjectSection
EndProject
Project("{FAE04EC0-301F-11D3-BF4B-00C04F79EFBC}") = "FarmhandDebugger", "Tools\FarmhandDebugger\FarmhandDebugger.csproj", "{4EF4F830-92A1-46D1-8E70-38C5BF52165B}"
	ProjectSection(ProjectDependencies) = postProject
		{6B742F0A-65B1-4EE0-991B-F587A88271D6} = {6B742F0A-65B1-4EE0-991B-F587A88271D6}
		{25B2460C-64F5-471A-AA11-5DF22AF01479} = {25B2460C-64F5-471A-AA11-5DF22AF01479}
		{92E23510-B574-4F8E-805E-03ABF225750A} = {92E23510-B574-4F8E-805E-03ABF225750A}
		{3D177414-59E6-4BBF-84DD-0C9467554BD5} = {3D177414-59E6-4BBF-84DD-0C9467554BD5}
		{21F17015-7EA1-4DF2-A3DD-EADD207C07E3} = {21F17015-7EA1-4DF2-A3DD-EADD207C07E3}
		{C5D41223-E5EF-410D-81B1-4F439AF4AF1C} = {C5D41223-E5EF-410D-81B1-4F439AF4AF1C}
		{5A089023-B1A4-4AB5-84AC-57EB65090CDD} = {5A089023-B1A4-4AB5-84AC-57EB65090CDD}
		{24137E26-9A3F-4CA3-8168-965FFEC133E9} = {24137E26-9A3F-4CA3-8168-965FFEC133E9}
		{7D84422C-8D1D-406C-8462-707B937FAE8F} = {7D84422C-8D1D-406C-8462-707B937FAE8F}
		{601BDF43-F612-4974-9290-D87517451D45} = {601BDF43-F612-4974-9290-D87517451D45}
		{8B85ED53-12E1-4759-BC77-7E5F0E673A1F} = {8B85ED53-12E1-4759-BC77-7E5F0E673A1F}
		{3D34F658-A506-4B39-8E7E-9C088B86B939} = {3D34F658-A506-4B39-8E7E-9C088B86B939}
		{E32F465C-8999-44E1-BA6A-A7C12E3FB5FD} = {E32F465C-8999-44E1-BA6A-A7C12E3FB5FD}
		{9CF5535F-D434-4919-9E85-4AEA3C45B681} = {9CF5535F-D434-4919-9E85-4AEA3C45B681}
		{DBB5A36B-6BE8-4490-9128-32AB2DBA7A92} = {DBB5A36B-6BE8-4490-9128-32AB2DBA7A92}
		{3B77C36B-59B1-4D1A-9B9F-4B707ADEF3EB} = {3B77C36B-59B1-4D1A-9B9F-4B707ADEF3EB}
		{6E305975-0BEE-49D2-9C01-EAE7CA972461} = {6E305975-0BEE-49D2-9C01-EAE7CA972461}
		{E7943E87-1406-4D83-AAC0-727DC8116E9C} = {E7943E87-1406-4D83-AAC0-727DC8116E9C}
		{252ED98F-B947-4D38-A8D0-AC90A5BCBE7C} = {252ED98F-B947-4D38-A8D0-AC90A5BCBE7C}
		{DCA1E792-CFEF-49A5-AC9B-B309E004CC05} = {DCA1E792-CFEF-49A5-AC9B-B309E004CC05}
		{52182B9A-F8E4-4922-B991-68FBFDB036EF} = {52182B9A-F8E4-4922-B991-68FBFDB036EF}
		{DA0DFE9E-363D-411E-BBB5-B22C6379CC0F} = {DA0DFE9E-363D-411E-BBB5-B22C6379CC0F}
		{1834C3A1-43CC-4C26-AF46-6072319826FA} = {1834C3A1-43CC-4C26-AF46-6072319826FA}
		{2C8559B1-04AA-4803-A052-27B686E6DA0A} = {2C8559B1-04AA-4803-A052-27B686E6DA0A}
		{BBD411B8-EA6B-495C-93EE-B85801CA70B9} = {BBD411B8-EA6B-495C-93EE-B85801CA70B9}
		{835A05C0-ED4C-4D3A-88E4-D8BC3686ED2F} = {835A05C0-ED4C-4D3A-88E4-D8BC3686ED2F}
		{C12052C1-872A-4B04-97FB-9347A4539C87} = {C12052C1-872A-4B04-97FB-9347A4539C87}
		{BB4F57E2-8CE8-4F7E-ABE7-D6DE51593B54} = {BB4F57E2-8CE8-4F7E-ABE7-D6DE51593B54}
		{38B646E5-3C3D-4B7B-83BF-5686CFCF773E} = {38B646E5-3C3D-4B7B-83BF-5686CFCF773E}
		{3ED1A9E6-3F3C-4B56-AD39-BE8B2489804B} = {3ED1A9E6-3F3C-4B56-AD39-BE8B2489804B}
		{34DEA2EA-D0B0-40C4-8A51-24D7198A70ED} = {34DEA2EA-D0B0-40C4-8A51-24D7198A70ED}
		{802680EB-8A43-447A-BE01-4BFEB12B0106} = {802680EB-8A43-447A-BE01-4BFEB12B0106}
		{A857E9EB-3C51-4D9D-92B3-ACC90175EB7E} = {A857E9EB-3C51-4D9D-92B3-ACC90175EB7E}
		{DF1709EE-B8D3-402C-9A0E-B992EFCBBCF0} = {DF1709EE-B8D3-402C-9A0E-B992EFCBBCF0}
		{919B5DEF-938A-4FD6-B092-7100A45F4EB0} = {919B5DEF-938A-4FD6-B092-7100A45F4EB0}
		{C20C27F0-30EC-4CEC-A6C1-D134B001FE68} = {C20C27F0-30EC-4CEC-A6C1-D134B001FE68}
	EndProjectSection
EndProject
Project("{FAE04EC0-301F-11D3-BF4B-00C04F79EFBC}") = "FarmhandUI", "Libraries\FarmhandUI\FarmhandUI.csproj", "{C48982A8-FC03-4688-B0FD-31813A7EE688}"
	ProjectSection(ProjectDependencies) = postProject
		{06DA637B-2C33-423D-A222-E2D909EEA47E} = {06DA637B-2C33-423D-A222-E2D909EEA47E}
	EndProjectSection
EndProject
Project("{FAE04EC0-301F-11D3-BF4B-00C04F79EFBC}") = "FarmhandPatcherFirstPass", "Installers\Patcher\FarmhandPatcherFirstPass\FarmhandPatcherFirstPass.csproj", "{5694F858-4837-4354-A808-0C7941D45B58}"
EndProject
Project("{FAE04EC0-301F-11D3-BF4B-00C04F79EFBC}") = "FarmhandPatcherSecondPass", "Installers\Patcher\FarmhandPatcherSecondPass\FarmhandPatcherSecondPass.csproj", "{54E08588-2A70-4545-9FCE-0E3B6B04158A}"
	ProjectSection(ProjectDependencies) = postProject
		{7C722998-FBFD-438C-9446-E67154EDBFC5} = {7C722998-FBFD-438C-9446-E67154EDBFC5}
		{C48982A8-FC03-4688-B0FD-31813A7EE688} = {C48982A8-FC03-4688-B0FD-31813A7EE688}
		{B2D9D9D6-F121-4797-8BB8-5263EF26FBF8} = {B2D9D9D6-F121-4797-8BB8-5263EF26FBF8}
	EndProjectSection
EndProject
Project("{FAE04EC0-301F-11D3-BF4B-00C04F79EFBC}") = "FarmhandPatcherCommon", "Installers\Patcher\FarmhandPatcherCommon\FarmhandPatcherCommon.csproj", "{7F304954-A190-4003-B11E-A9043113396D}"
EndProject
Project("{2150E333-8FDC-42A3-9474-1A3956D46DE8}") = "BuildTasks", "BuildTasks", "{124E9A49-304B-4157-80A1-F9F776745F9C}"
EndProject
Project("{FAE04EC0-301F-11D3-BF4B-00C04F79EFBC}") = "BuildFarmhandIntermediate", "BuildTasks\BuildFarmhandIntermediate\BuildFarmhandIntermediate.csproj", "{06DA637B-2C33-423D-A222-E2D909EEA47E}"
	ProjectSection(ProjectDependencies) = postProject
		{23EF7A22-E67F-4CB5-A83E-EC108BBA3201} = {23EF7A22-E67F-4CB5-A83E-EC108BBA3201}
		{7F304954-A190-4003-B11E-A9043113396D} = {7F304954-A190-4003-B11E-A9043113396D}
		{5694F858-4837-4354-A808-0C7941D45B58} = {5694F858-4837-4354-A808-0C7941D45B58}
		{A857E9EB-3C51-4D9D-92B3-ACC90175EB7E} = {A857E9EB-3C51-4D9D-92B3-ACC90175EB7E}
	EndProjectSection
EndProject
Project("{FAE04EC0-301F-11D3-BF4B-00C04F79EFBC}") = "BuildFarmhandFinal", "BuildTasks\BuildFarmhandFinal\BuildFarmhandFinal.csproj", "{C12052C1-872A-4B04-97FB-9347A4539C87}"
	ProjectSection(ProjectDependencies) = postProject
		{23EF7A22-E67F-4CB5-A83E-EC108BBA3201} = {23EF7A22-E67F-4CB5-A83E-EC108BBA3201}
		{7F304954-A190-4003-B11E-A9043113396D} = {7F304954-A190-4003-B11E-A9043113396D}
		{5694F858-4837-4354-A808-0C7941D45B58} = {5694F858-4837-4354-A808-0C7941D45B58}
		{06DA637B-2C33-423D-A222-E2D909EEA47E} = {06DA637B-2C33-423D-A222-E2D909EEA47E}
		{54E08588-2A70-4545-9FCE-0E3B6B04158A} = {54E08588-2A70-4545-9FCE-0E3B6B04158A}
	EndProjectSection
EndProject
Project("{FAE04EC0-301F-11D3-BF4B-00C04F79EFBC}") = "TestContentMod", "Mods\TestContentMod\TestContentMod.csproj", "{DA0DFE9E-363D-411E-BBB5-B22C6379CC0F}"
	ProjectSection(ProjectDependencies) = postProject
		{C12052C1-872A-4B04-97FB-9347A4539C87} = {C12052C1-872A-4B04-97FB-9347A4539C87}
	EndProjectSection
EndProject
Project("{FAE04EC0-301F-11D3-BF4B-00C04F79EFBC}") = "JuminoDepositAnywhereMod", "Mods\JuminoDepositAnywhereMod\JuminoDepositAnywhereMod.csproj", "{802680EB-8A43-447A-BE01-4BFEB12B0106}"
	ProjectSection(ProjectDependencies) = postProject
		{C12052C1-872A-4B04-97FB-9347A4539C87} = {C12052C1-872A-4B04-97FB-9347A4539C87}
	EndProjectSection
EndProject
Project("{2150E333-8FDC-42A3-9474-1A3956D46DE8}") = "Patcher", "Patcher", "{24ADB72A-FE6B-4334-B5E2-42B8CE12B75D}"
EndProject
Project("{FAE04EC0-301F-11D3-BF4B-00C04F79EFBC}") = "RecipeTestMod", "Mods\RecipeTestMod\RecipeTestMod.csproj", "{E7943E87-1406-4D83-AAC0-727DC8116E9C}"
	ProjectSection(ProjectDependencies) = postProject
		{C12052C1-872A-4B04-97FB-9347A4539C87} = {C12052C1-872A-4B04-97FB-9347A4539C87}
	EndProjectSection
EndProject
Project("{FAE04EC0-301F-11D3-BF4B-00C04F79EFBC}") = "TestBuildingMod", "Mods\TestBuildingMod\TestBuildingMod.csproj", "{7D84422C-8D1D-406C-8462-707B937FAE8F}"
	ProjectSection(ProjectDependencies) = postProject
		{C12052C1-872A-4B04-97FB-9347A4539C87} = {C12052C1-872A-4B04-97FB-9347A4539C87}
	EndProjectSection
EndProject
Project("{FAE04EC0-301F-11D3-BF4B-00C04F79EFBC}") = "FarmhandGame", "Libraries\FarmhandGame\FarmhandGame.csproj", "{B2D9D9D6-F121-4797-8BB8-5263EF26FBF8}"
	ProjectSection(ProjectDependencies) = postProject
		{06DA637B-2C33-423D-A222-E2D909EEA47E} = {06DA637B-2C33-423D-A222-E2D909EEA47E}
	EndProjectSection
EndProject
Project("{FAE04EC0-301F-11D3-BF4B-00C04F79EFBC}") = "TestMonsterMod", "Mods\TestMonsterMod\TestMonsterMod.csproj", "{919B5DEF-938A-4FD6-B092-7100A45F4EB0}"
	ProjectSection(ProjectDependencies) = postProject
		{C12052C1-872A-4B04-97FB-9347A4539C87} = {C12052C1-872A-4B04-97FB-9347A4539C87}
	EndProjectSection
EndProject
Project("{FAE04EC0-301F-11D3-BF4B-00C04F79EFBC}") = "FarmhandCharacter", "Libraries\FarmhandCharacter\FarmhandCharacter.csproj", "{7C722998-FBFD-438C-9446-E67154EDBFC5}"
	ProjectSection(ProjectDependencies) = postProject
		{06DA637B-2C33-423D-A222-E2D909EEA47E} = {06DA637B-2C33-423D-A222-E2D909EEA47E}
	EndProjectSection
EndProject
Project("{FAE04EC0-301F-11D3-BF4B-00C04F79EFBC}") = "TestCropMod", "Mods\TestCropMod\TestCropMod.csproj", "{92E23510-B574-4F8E-805E-03ABF225750A}"
	ProjectSection(ProjectDependencies) = postProject
		{C12052C1-872A-4B04-97FB-9347A4539C87} = {C12052C1-872A-4B04-97FB-9347A4539C87}
	EndProjectSection
EndProject
Project("{FAE04EC0-301F-11D3-BF4B-00C04F79EFBC}") = "TestToolMod", "Mods\TestToolMod\TestToolMod.csproj", "{3D34F658-A506-4B39-8E7E-9C088B86B939}"
	ProjectSection(ProjectDependencies) = postProject
		{C12052C1-872A-4B04-97FB-9347A4539C87} = {C12052C1-872A-4B04-97FB-9347A4539C87}
	EndProjectSection
EndProject
Project("{FAE04EC0-301F-11D3-BF4B-00C04F79EFBC}") = "TestBigCraftableMod", "Mods\TestBigCraftableMod\TestBigCraftableMod.csproj", "{5A089023-B1A4-4AB5-84AC-57EB65090CDD}"
	ProjectSection(ProjectDependencies) = postProject
		{C12052C1-872A-4B04-97FB-9347A4539C87} = {C12052C1-872A-4B04-97FB-9347A4539C87}
	EndProjectSection
EndProject
Project("{FAE04EC0-301F-11D3-BF4B-00C04F79EFBC}") = "TestShopMod", "Mods\TestShopMod\TestShopMod.csproj", "{601BDF43-F612-4974-9290-D87517451D45}"
	ProjectSection(ProjectDependencies) = postProject
		{C12052C1-872A-4B04-97FB-9347A4539C87} = {C12052C1-872A-4B04-97FB-9347A4539C87}
	EndProjectSection
EndProject
Project("{FAE04EC0-301F-11D3-BF4B-00C04F79EFBC}") = "TestMapMergeMod", "Mods\TestMapMergeMod\TestMapMergeMod.csproj", "{BB4F57E2-8CE8-4F7E-ABE7-D6DE51593B54}"
	ProjectSection(ProjectDependencies) = postProject
		{C12052C1-872A-4B04-97FB-9347A4539C87} = {C12052C1-872A-4B04-97FB-9347A4539C87}
	EndProjectSection
EndProject
Project("{FAE04EC0-301F-11D3-BF4B-00C04F79EFBC}") = "TestDialoguesMod", "Mods\TestDialoguesMod\TestDialoguesMod.csproj", "{3B77C36B-59B1-4D1A-9B9F-4B707ADEF3EB}"
	ProjectSection(ProjectDependencies) = postProject
		{C12052C1-872A-4B04-97FB-9347A4539C87} = {C12052C1-872A-4B04-97FB-9347A4539C87}
	EndProjectSection
EndProject
Project("{FAE04EC0-301F-11D3-BF4B-00C04F79EFBC}") = "TestMailMod", "Mods\TestMailMod\TestMailMod.csproj", "{24137E26-9A3F-4CA3-8168-965FFEC133E9}"
	ProjectSection(ProjectDependencies) = postProject
		{C12052C1-872A-4B04-97FB-9347A4539C87} = {C12052C1-872A-4B04-97FB-9347A4539C87}
	EndProjectSection
EndProject
Project("{FAE04EC0-301F-11D3-BF4B-00C04F79EFBC}") = "TestQuestMod", "Mods\TestQuestMod\TestQuestMod.csproj", "{6B742F0A-65B1-4EE0-991B-F587A88271D6}"
	ProjectSection(ProjectDependencies) = postProject
		{C12052C1-872A-4B04-97FB-9347A4539C87} = {C12052C1-872A-4B04-97FB-9347A4539C87}
	EndProjectSection
EndProject
Project("{FAE04EC0-301F-11D3-BF4B-00C04F79EFBC}") = "EnableDebugMod", "Mods\EnableDebugMod\EnableDebugMod.csproj", "{BC2B4DE3-549A-4CDC-8208-D887509AC21D}"
	ProjectSection(ProjectDependencies) = postProject
		{C12052C1-872A-4B04-97FB-9347A4539C87} = {C12052C1-872A-4B04-97FB-9347A4539C87}
	EndProjectSection
EndProject
Project("{FAE04EC0-301F-11D3-BF4B-00C04F79EFBC}") = "TestMapActionMod", "Mods\TestMapActionMod\TestMapActionMod.csproj", "{835A05C0-ED4C-4D3A-88E4-D8BC3686ED2F}"
	ProjectSection(ProjectDependencies) = postProject
		{C12052C1-872A-4B04-97FB-9347A4539C87} = {C12052C1-872A-4B04-97FB-9347A4539C87}
	EndProjectSection
EndProject
Project("{FAE04EC0-301F-11D3-BF4B-00C04F79EFBC}") = "TestWarpMod", "Mods\TestWarpMod\TestWarpMod.csproj", "{E32F465C-8999-44E1-BA6A-A7C12E3FB5FD}"
	ProjectSection(ProjectDependencies) = postProject
		{C12052C1-872A-4B04-97FB-9347A4539C87} = {C12052C1-872A-4B04-97FB-9347A4539C87}
	EndProjectSection
EndProject
Project("{FAE04EC0-301F-11D3-BF4B-00C04F79EFBC}") = "TestNPCMod", "Mods\TestNPCMod\TestNPCMod.csproj", "{25B2460C-64F5-471A-AA11-5DF22AF01479}"
	ProjectSection(ProjectDependencies) = postProject
		{C12052C1-872A-4B04-97FB-9347A4539C87} = {C12052C1-872A-4B04-97FB-9347A4539C87}
	EndProjectSection
EndProject
Project("{2150E333-8FDC-42A3-9474-1A3956D46DE8}") = "External", "External", "{0E42F8CF-A36D-432B-B258-9086E00CE891}"
EndProject
Project("{D954291E-2A0B-460D-934E-DC6B0785DB48}") = "StardewModdingAPI", "External\StardewModdingAPI\StardewModdingAPI.shproj", "{9246E5EA-DF78-4976-8244-49C3123B898A}"
EndProject
Project("{2150E333-8FDC-42A3-9474-1A3956D46DE8}") = "Extensions", "Extensions", "{A847360C-2B23-439B-B581-3C12AB5BD56F}"
EndProject
Project("{FAE04EC0-301F-11D3-BF4B-00C04F79EFBC}") = "SmapiCompatibilityLayer", "Extensions\SmapiCompatibilityLayer\SmapiCompatibilityLayer.csproj", "{C5D41223-E5EF-410D-81B1-4F439AF4AF1C}"
	ProjectSection(ProjectDependencies) = postProject
		{C12052C1-872A-4B04-97FB-9347A4539C87} = {C12052C1-872A-4B04-97FB-9347A4539C87}
	EndProjectSection
EndProject
Project("{FAE04EC0-301F-11D3-BF4B-00C04F79EFBC}") = "TitleSkipMod", "Mods\TitleSkipMod\TitleSkipMod.csproj", "{1834C3A1-43CC-4C26-AF46-6072319826FA}"
	ProjectSection(ProjectDependencies) = postProject
		{C12052C1-872A-4B04-97FB-9347A4539C87} = {C12052C1-872A-4B04-97FB-9347A4539C87}
	EndProjectSection
EndProject
Project("{FAE04EC0-301F-11D3-BF4B-00C04F79EFBC}") = "MenuTestMod", "Mods\MenuTestMod\MenuTestMod.csproj", "{8B85ED53-12E1-4759-BC77-7E5F0E673A1F}"
	ProjectSection(ProjectDependencies) = postProject
		{C12052C1-872A-4B04-97FB-9347A4539C87} = {C12052C1-872A-4B04-97FB-9347A4539C87}
	EndProjectSection
EndProject
Project("{FAE04EC0-301F-11D3-BF4B-00C04F79EFBC}") = "TestGlobalSettingsMod", "Mods\TestGlobalSettingsMod\TestGlobalSettingsMod.csproj", "{305329D3-FBC0-4BAA-9993-F04D6D72BF13}"
	ProjectSection(ProjectDependencies) = postProject
		{C12052C1-872A-4B04-97FB-9347A4539C87} = {C12052C1-872A-4B04-97FB-9347A4539C87}
	EndProjectSection
EndProject
Project("{FAE04EC0-301F-11D3-BF4B-00C04F79EFBC}") = "TestPerSaveSettingsMod", "Mods\TestPerSaveSettingsMod\TestPerSaveSettingsMod.csproj", "{00BF31C4-4C6A-435F-B9F0-BEAA18C4D868}"
	ProjectSection(ProjectDependencies) = postProject
		{C12052C1-872A-4B04-97FB-9347A4539C87} = {C12052C1-872A-4B04-97FB-9347A4539C87}
	EndProjectSection
EndProject
Project("{2150E333-8FDC-42A3-9474-1A3956D46DE8}") = "Dependency Tests", "Dependency Tests", "{090B22A4-B940-4C4D-BE70-E68AA838832E}"
EndProject
Project("{FAE04EC0-301F-11D3-BF4B-00C04F79EFBC}") = "DependencyBaseEntryFail", "Mods\DependencyTest\DependencyBaseEntryFail\DependencyBaseEntryFail.csproj", "{DBB5A36B-6BE8-4490-9128-32AB2DBA7A92}"
	ProjectSection(ProjectDependencies) = postProject
		{C12052C1-872A-4B04-97FB-9347A4539C87} = {C12052C1-872A-4B04-97FB-9347A4539C87}
	EndProjectSection
EndProject
Project("{FAE04EC0-301F-11D3-BF4B-00C04F79EFBC}") = "DependencyBaseSuccess", "Mods\DependencyTest\DependencyBaseSuccess\DependencyBaseSuccess.csproj", "{21F17015-7EA1-4DF2-A3DD-EADD207C07E3}"
	ProjectSection(ProjectDependencies) = postProject
		{C12052C1-872A-4B04-97FB-9347A4539C87} = {C12052C1-872A-4B04-97FB-9347A4539C87}
	EndProjectSection
EndProject
Project("{FAE04EC0-301F-11D3-BF4B-00C04F79EFBC}") = "DependencyFailLoad", "Mods\DependencyTest\DependencyFailLoad\DependencyFailLoad.csproj", "{6E305975-0BEE-49D2-9C01-EAE7CA972461}"
	ProjectSection(ProjectDependencies) = postProject
		{C12052C1-872A-4B04-97FB-9347A4539C87} = {C12052C1-872A-4B04-97FB-9347A4539C87}
	EndProjectSection
EndProject
Project("{FAE04EC0-301F-11D3-BF4B-00C04F79EFBC}") = "DependencyOldVersion", "Mods\DependencyTest\DependencyOldVersion\DependencyOldVersion.csproj", "{2C8559B1-04AA-4803-A052-27B686E6DA0A}"
	ProjectSection(ProjectDependencies) = postProject
		{C12052C1-872A-4B04-97FB-9347A4539C87} = {C12052C1-872A-4B04-97FB-9347A4539C87}
	EndProjectSection
EndProject
Project("{FAE04EC0-301F-11D3-BF4B-00C04F79EFBC}") = "DependencySuccess", "Mods\DependencyTest\DependencySuccess\DependencySuccess.csproj", "{3ED1A9E6-3F3C-4B56-AD39-BE8B2489804B}"
	ProjectSection(ProjectDependencies) = postProject
		{C12052C1-872A-4B04-97FB-9347A4539C87} = {C12052C1-872A-4B04-97FB-9347A4539C87}
	EndProjectSection
EndProject
Project("{FAE04EC0-301F-11D3-BF4B-00C04F79EFBC}") = "DependencyTooRecentVersion", "Mods\DependencyTest\DependencyTooRecentVersion\DependencyTooRecentVersion.csproj", "{34DEA2EA-D0B0-40C4-8A51-24D7198A70ED}"
	ProjectSection(ProjectDependencies) = postProject
		{C12052C1-872A-4B04-97FB-9347A4539C87} = {C12052C1-872A-4B04-97FB-9347A4539C87}
	EndProjectSection
EndProject
Project("{FAE04EC0-301F-11D3-BF4B-00C04F79EFBC}") = "DependencySuccessMaxVersion", "Mods\DependencyTest\DependencySuccessMaxVersion\DependencySuccessMaxVersion.csproj", "{9CF5535F-D434-4919-9E85-4AEA3C45B681}"
	ProjectSection(ProjectDependencies) = postProject
		{C12052C1-872A-4B04-97FB-9347A4539C87} = {C12052C1-872A-4B04-97FB-9347A4539C87}
	EndProjectSection
EndProject
Project("{FAE04EC0-301F-11D3-BF4B-00C04F79EFBC}") = "DependencySuccessMinVersion", "Mods\DependencyTest\DependencySuccessMinVersion\DependencySuccessMinVersion.csproj", "{3D177414-59E6-4BBF-84DD-0C9467554BD5}"
	ProjectSection(ProjectDependencies) = postProject
		{C12052C1-872A-4B04-97FB-9347A4539C87} = {C12052C1-872A-4B04-97FB-9347A4539C87}
	EndProjectSection
EndProject
Project("{FAE04EC0-301F-11D3-BF4B-00C04F79EFBC}") = "DependencySuccessNotRequired", "Mods\DependencyTest\DependencySuccessNotRequired\DependencySuccessNotRequired.csproj", "{DCA1E792-CFEF-49A5-AC9B-B309E004CC05}"
	ProjectSection(ProjectDependencies) = postProject
		{C12052C1-872A-4B04-97FB-9347A4539C87} = {C12052C1-872A-4B04-97FB-9347A4539C87}
	EndProjectSection
EndProject
Project("{FAE04EC0-301F-11D3-BF4B-00C04F79EFBC}") = "DependencyValidator", "Mods\DependencyTest\DependencyValidator\DependencyValidator.csproj", "{BBD411B8-EA6B-495C-93EE-B85801CA70B9}"
	ProjectSection(ProjectDependencies) = postProject
		{C12052C1-872A-4B04-97FB-9347A4539C87} = {C12052C1-872A-4B04-97FB-9347A4539C87}
	EndProjectSection
EndProject
Project("{FAE04EC0-301F-11D3-BF4B-00C04F79EFBC}") = "DependencyMissing", "Mods\DependencyTest\DependencyMissing\DependencyMissing.csproj", "{DF1709EE-B8D3-402C-9A0E-B992EFCBBCF0}"
	ProjectSection(ProjectDependencies) = postProject
		{C12052C1-872A-4B04-97FB-9347A4539C87} = {C12052C1-872A-4B04-97FB-9347A4539C87}
	EndProjectSection
EndProject
Project("{FAE04EC0-301F-11D3-BF4B-00C04F79EFBC}") = "DependencyCascadeFail", "Mods\DependencyTest\DependencyCascadeFail\DependencyCascadeFail.csproj", "{52182B9A-F8E4-4922-B991-68FBFDB036EF}"
	ProjectSection(ProjectDependencies) = postProject
		{C12052C1-872A-4B04-97FB-9347A4539C87} = {C12052C1-872A-4B04-97FB-9347A4539C87}
	EndProjectSection
EndProject
Project("{2150E333-8FDC-42A3-9474-1A3956D46DE8}") = "Documentation", "Documentation", "{A81F8DF5-6398-4D3D-9E7A-BE5C7C90CD6B}"
EndProject
Project("{7CF6DF6D-3B04-46F8-A40B-537D21BCA0B4}") = "Farmhand", "Documentation\Farmhand\Farmhand.shfbproj", "{59F0456F-20B9-4C5B-AF84-EF55A6D2906B}"
	ProjectSection(ProjectDependencies) = postProject
		{6F6DD3A5-9C9E-448A-963D-C047D0FBDE3F} = {6F6DD3A5-9C9E-448A-963D-C047D0FBDE3F}
		{C12052C1-872A-4B04-97FB-9347A4539C87} = {C12052C1-872A-4B04-97FB-9347A4539C87}
	EndProjectSection
EndProject
Project("{FAE04EC0-301F-11D3-BF4B-00C04F79EFBC}") = "InstallerPackager", "Tools\InstallerPackager\InstallerPackager.csproj", "{EC6EEC58-4907-4A9B-B76D-30F20B4AAC39}"
	ProjectSection(ProjectDependencies) = postProject
		{6B742F0A-65B1-4EE0-991B-F587A88271D6} = {6B742F0A-65B1-4EE0-991B-F587A88271D6}
		{25B2460C-64F5-471A-AA11-5DF22AF01479} = {25B2460C-64F5-471A-AA11-5DF22AF01479}
		{92E23510-B574-4F8E-805E-03ABF225750A} = {92E23510-B574-4F8E-805E-03ABF225750A}
		{3D177414-59E6-4BBF-84DD-0C9467554BD5} = {3D177414-59E6-4BBF-84DD-0C9467554BD5}
		{21F17015-7EA1-4DF2-A3DD-EADD207C07E3} = {21F17015-7EA1-4DF2-A3DD-EADD207C07E3}
		{23EF7A22-E67F-4CB5-A83E-EC108BBA3201} = {23EF7A22-E67F-4CB5-A83E-EC108BBA3201}
		{C5D41223-E5EF-410D-81B1-4F439AF4AF1C} = {C5D41223-E5EF-410D-81B1-4F439AF4AF1C}
		{5A089023-B1A4-4AB5-84AC-57EB65090CDD} = {5A089023-B1A4-4AB5-84AC-57EB65090CDD}
		{24137E26-9A3F-4CA3-8168-965FFEC133E9} = {24137E26-9A3F-4CA3-8168-965FFEC133E9}
		{7D84422C-8D1D-406C-8462-707B937FAE8F} = {7D84422C-8D1D-406C-8462-707B937FAE8F}
		{4EF4F830-92A1-46D1-8E70-38C5BF52165B} = {4EF4F830-92A1-46D1-8E70-38C5BF52165B}
		{601BDF43-F612-4974-9290-D87517451D45} = {601BDF43-F612-4974-9290-D87517451D45}
		{8B85ED53-12E1-4759-BC77-7E5F0E673A1F} = {8B85ED53-12E1-4759-BC77-7E5F0E673A1F}
		{7F304954-A190-4003-B11E-A9043113396D} = {7F304954-A190-4003-B11E-A9043113396D}
		{3D34F658-A506-4B39-8E7E-9C088B86B939} = {3D34F658-A506-4B39-8E7E-9C088B86B939}
		{5694F858-4837-4354-A808-0C7941D45B58} = {5694F858-4837-4354-A808-0C7941D45B58}
		{E32F465C-8999-44E1-BA6A-A7C12E3FB5FD} = {E32F465C-8999-44E1-BA6A-A7C12E3FB5FD}
		{9CF5535F-D434-4919-9E85-4AEA3C45B681} = {9CF5535F-D434-4919-9E85-4AEA3C45B681}
		{DBB5A36B-6BE8-4490-9128-32AB2DBA7A92} = {DBB5A36B-6BE8-4490-9128-32AB2DBA7A92}
		{3B77C36B-59B1-4D1A-9B9F-4B707ADEF3EB} = {3B77C36B-59B1-4D1A-9B9F-4B707ADEF3EB}
		{6E305975-0BEE-49D2-9C01-EAE7CA972461} = {6E305975-0BEE-49D2-9C01-EAE7CA972461}
		{06DA637B-2C33-423D-A222-E2D909EEA47E} = {06DA637B-2C33-423D-A222-E2D909EEA47E}
		{E7943E87-1406-4D83-AAC0-727DC8116E9C} = {E7943E87-1406-4D83-AAC0-727DC8116E9C}
		{54E08588-2A70-4545-9FCE-0E3B6B04158A} = {54E08588-2A70-4545-9FCE-0E3B6B04158A}
		{DCA1E792-CFEF-49A5-AC9B-B309E004CC05} = {DCA1E792-CFEF-49A5-AC9B-B309E004CC05}
		{7C722998-FBFD-438C-9446-E67154EDBFC5} = {7C722998-FBFD-438C-9446-E67154EDBFC5}
		{52182B9A-F8E4-4922-B991-68FBFDB036EF} = {52182B9A-F8E4-4922-B991-68FBFDB036EF}
		{DA0DFE9E-363D-411E-BBB5-B22C6379CC0F} = {DA0DFE9E-363D-411E-BBB5-B22C6379CC0F}
		{1834C3A1-43CC-4C26-AF46-6072319826FA} = {1834C3A1-43CC-4C26-AF46-6072319826FA}
		{C48982A8-FC03-4688-B0FD-31813A7EE688} = {C48982A8-FC03-4688-B0FD-31813A7EE688}
		{2C8559B1-04AA-4803-A052-27B686E6DA0A} = {2C8559B1-04AA-4803-A052-27B686E6DA0A}
		{BBD411B8-EA6B-495C-93EE-B85801CA70B9} = {BBD411B8-EA6B-495C-93EE-B85801CA70B9}
		{835A05C0-ED4C-4D3A-88E4-D8BC3686ED2F} = {835A05C0-ED4C-4D3A-88E4-D8BC3686ED2F}
		{C12052C1-872A-4B04-97FB-9347A4539C87} = {C12052C1-872A-4B04-97FB-9347A4539C87}
		{00BF31C4-4C6A-435F-B9F0-BEAA18C4D868} = {00BF31C4-4C6A-435F-B9F0-BEAA18C4D868}
		{305329D3-FBC0-4BAA-9993-F04D6D72BF13} = {305329D3-FBC0-4BAA-9993-F04D6D72BF13}
		{B2D9D9D6-F121-4797-8BB8-5263EF26FBF8} = {B2D9D9D6-F121-4797-8BB8-5263EF26FBF8}
		{BB4F57E2-8CE8-4F7E-ABE7-D6DE51593B54} = {BB4F57E2-8CE8-4F7E-ABE7-D6DE51593B54}
		{BC2B4DE3-549A-4CDC-8208-D887509AC21D} = {BC2B4DE3-549A-4CDC-8208-D887509AC21D}
		{38B646E5-3C3D-4B7B-83BF-5686CFCF773E} = {38B646E5-3C3D-4B7B-83BF-5686CFCF773E}
		{3ED1A9E6-3F3C-4B56-AD39-BE8B2489804B} = {3ED1A9E6-3F3C-4B56-AD39-BE8B2489804B}
		{34DEA2EA-D0B0-40C4-8A51-24D7198A70ED} = {34DEA2EA-D0B0-40C4-8A51-24D7198A70ED}
		{802680EB-8A43-447A-BE01-4BFEB12B0106} = {802680EB-8A43-447A-BE01-4BFEB12B0106}
		{A857E9EB-3C51-4D9D-92B3-ACC90175EB7E} = {A857E9EB-3C51-4D9D-92B3-ACC90175EB7E}
		{DF1709EE-B8D3-402C-9A0E-B992EFCBBCF0} = {DF1709EE-B8D3-402C-9A0E-B992EFCBBCF0}
		{919B5DEF-938A-4FD6-B092-7100A45F4EB0} = {919B5DEF-938A-4FD6-B092-7100A45F4EB0}
		{C20C27F0-30EC-4CEC-A6C1-D134B001FE68} = {C20C27F0-30EC-4CEC-A6C1-D134B001FE68}
	EndProjectSection
EndProject
Project("{FAE04EC0-301F-11D3-BF4B-00C04F79EFBC}") = "FarmhandInstaller.UI", "Installers\FarmhandInstaller.UI\FarmhandInstaller.UI.csproj", "{E17E0031-5951-41E4-8949-7695E8387A3F}"
	ProjectSection(ProjectDependencies) = postProject
		{6B742F0A-65B1-4EE0-991B-F587A88271D6} = {6B742F0A-65B1-4EE0-991B-F587A88271D6}
		{25B2460C-64F5-471A-AA11-5DF22AF01479} = {25B2460C-64F5-471A-AA11-5DF22AF01479}
		{92E23510-B574-4F8E-805E-03ABF225750A} = {92E23510-B574-4F8E-805E-03ABF225750A}
		{3D177414-59E6-4BBF-84DD-0C9467554BD5} = {3D177414-59E6-4BBF-84DD-0C9467554BD5}
		{21F17015-7EA1-4DF2-A3DD-EADD207C07E3} = {21F17015-7EA1-4DF2-A3DD-EADD207C07E3}
		{23EF7A22-E67F-4CB5-A83E-EC108BBA3201} = {23EF7A22-E67F-4CB5-A83E-EC108BBA3201}
		{C5D41223-E5EF-410D-81B1-4F439AF4AF1C} = {C5D41223-E5EF-410D-81B1-4F439AF4AF1C}
		{5A089023-B1A4-4AB5-84AC-57EB65090CDD} = {5A089023-B1A4-4AB5-84AC-57EB65090CDD}
		{24137E26-9A3F-4CA3-8168-965FFEC133E9} = {24137E26-9A3F-4CA3-8168-965FFEC133E9}
		{7D84422C-8D1D-406C-8462-707B937FAE8F} = {7D84422C-8D1D-406C-8462-707B937FAE8F}
		{4EF4F830-92A1-46D1-8E70-38C5BF52165B} = {4EF4F830-92A1-46D1-8E70-38C5BF52165B}
		{601BDF43-F612-4974-9290-D87517451D45} = {601BDF43-F612-4974-9290-D87517451D45}
		{8B85ED53-12E1-4759-BC77-7E5F0E673A1F} = {8B85ED53-12E1-4759-BC77-7E5F0E673A1F}
		{7F304954-A190-4003-B11E-A9043113396D} = {7F304954-A190-4003-B11E-A9043113396D}
		{EC6EEC58-4907-4A9B-B76D-30F20B4AAC39} = {EC6EEC58-4907-4A9B-B76D-30F20B4AAC39}
		{3D34F658-A506-4B39-8E7E-9C088B86B939} = {3D34F658-A506-4B39-8E7E-9C088B86B939}
		{5694F858-4837-4354-A808-0C7941D45B58} = {5694F858-4837-4354-A808-0C7941D45B58}
		{E32F465C-8999-44E1-BA6A-A7C12E3FB5FD} = {E32F465C-8999-44E1-BA6A-A7C12E3FB5FD}
		{9CF5535F-D434-4919-9E85-4AEA3C45B681} = {9CF5535F-D434-4919-9E85-4AEA3C45B681}
		{DBB5A36B-6BE8-4490-9128-32AB2DBA7A92} = {DBB5A36B-6BE8-4490-9128-32AB2DBA7A92}
		{3B77C36B-59B1-4D1A-9B9F-4B707ADEF3EB} = {3B77C36B-59B1-4D1A-9B9F-4B707ADEF3EB}
		{6E305975-0BEE-49D2-9C01-EAE7CA972461} = {6E305975-0BEE-49D2-9C01-EAE7CA972461}
		{06DA637B-2C33-423D-A222-E2D909EEA47E} = {06DA637B-2C33-423D-A222-E2D909EEA47E}
		{E7943E87-1406-4D83-AAC0-727DC8116E9C} = {E7943E87-1406-4D83-AAC0-727DC8116E9C}
		{54E08588-2A70-4545-9FCE-0E3B6B04158A} = {54E08588-2A70-4545-9FCE-0E3B6B04158A}
		{DCA1E792-CFEF-49A5-AC9B-B309E004CC05} = {DCA1E792-CFEF-49A5-AC9B-B309E004CC05}
		{7C722998-FBFD-438C-9446-E67154EDBFC5} = {7C722998-FBFD-438C-9446-E67154EDBFC5}
		{52182B9A-F8E4-4922-B991-68FBFDB036EF} = {52182B9A-F8E4-4922-B991-68FBFDB036EF}
		{DA0DFE9E-363D-411E-BBB5-B22C6379CC0F} = {DA0DFE9E-363D-411E-BBB5-B22C6379CC0F}
		{1834C3A1-43CC-4C26-AF46-6072319826FA} = {1834C3A1-43CC-4C26-AF46-6072319826FA}
		{C48982A8-FC03-4688-B0FD-31813A7EE688} = {C48982A8-FC03-4688-B0FD-31813A7EE688}
		{2C8559B1-04AA-4803-A052-27B686E6DA0A} = {2C8559B1-04AA-4803-A052-27B686E6DA0A}
		{BBD411B8-EA6B-495C-93EE-B85801CA70B9} = {BBD411B8-EA6B-495C-93EE-B85801CA70B9}
		{835A05C0-ED4C-4D3A-88E4-D8BC3686ED2F} = {835A05C0-ED4C-4D3A-88E4-D8BC3686ED2F}
		{C12052C1-872A-4B04-97FB-9347A4539C87} = {C12052C1-872A-4B04-97FB-9347A4539C87}
		{00BF31C4-4C6A-435F-B9F0-BEAA18C4D868} = {00BF31C4-4C6A-435F-B9F0-BEAA18C4D868}
		{305329D3-FBC0-4BAA-9993-F04D6D72BF13} = {305329D3-FBC0-4BAA-9993-F04D6D72BF13}
		{B2D9D9D6-F121-4797-8BB8-5263EF26FBF8} = {B2D9D9D6-F121-4797-8BB8-5263EF26FBF8}
		{BB4F57E2-8CE8-4F7E-ABE7-D6DE51593B54} = {BB4F57E2-8CE8-4F7E-ABE7-D6DE51593B54}
		{BC2B4DE3-549A-4CDC-8208-D887509AC21D} = {BC2B4DE3-549A-4CDC-8208-D887509AC21D}
		{38B646E5-3C3D-4B7B-83BF-5686CFCF773E} = {38B646E5-3C3D-4B7B-83BF-5686CFCF773E}
		{3ED1A9E6-3F3C-4B56-AD39-BE8B2489804B} = {3ED1A9E6-3F3C-4B56-AD39-BE8B2489804B}
		{34DEA2EA-D0B0-40C4-8A51-24D7198A70ED} = {34DEA2EA-D0B0-40C4-8A51-24D7198A70ED}
		{802680EB-8A43-447A-BE01-4BFEB12B0106} = {802680EB-8A43-447A-BE01-4BFEB12B0106}
		{A857E9EB-3C51-4D9D-92B3-ACC90175EB7E} = {A857E9EB-3C51-4D9D-92B3-ACC90175EB7E}
		{DF1709EE-B8D3-402C-9A0E-B992EFCBBCF0} = {DF1709EE-B8D3-402C-9A0E-B992EFCBBCF0}
		{919B5DEF-938A-4FD6-B092-7100A45F4EB0} = {919B5DEF-938A-4FD6-B092-7100A45F4EB0}
		{C20C27F0-30EC-4CEC-A6C1-D134B001FE68} = {C20C27F0-30EC-4CEC-A6C1-D134B001FE68}
	EndProjectSection
EndProject
Project("{FAE04EC0-301F-11D3-BF4B-00C04F79EFBC}") = "ModTemplate", "Mods\ModTemplate\ModTemplate.csproj", "{252ED98F-B947-4D38-A8D0-AC90A5BCBE7C}"
	ProjectSection(ProjectDependencies) = postProject
		{C12052C1-872A-4B04-97FB-9347A4539C87} = {C12052C1-872A-4B04-97FB-9347A4539C87}
	EndProjectSection
EndProject
Project("{2150E333-8FDC-42A3-9474-1A3956D46DE8}") = "PresentationStyles", "PresentationStyles", "{EFC943F6-358A-45B4-80F1-064536F65945}"
EndProject
Project("{FAE04EC0-301F-11D3-BF4B-00C04F79EFBC}") = "PresentationStyles", "Documentation\PresentationStyles\PresentationStyles.csproj", "{6F6DD3A5-9C9E-448A-963D-C047D0FBDE3F}"
EndProject
Global
	GlobalSection(SharedMSBuildProjectFiles) = preSolution
		External\StardewModdingAPI\StardewModdingAPI.projitems*{9246e5ea-df78-4976-8244-49c3123b898a}*SharedItemsImports = 13
		External\StardewModdingAPI\StardewModdingAPI.projitems*{c5d41223-e5ef-410d-81b1-4f439af4af1c}*SharedItemsImports = 4
	EndGlobalSection
	GlobalSection(SolutionConfigurationPlatforms) = preSolution
		Debug|Any CPU = Debug|Any CPU
		Debug|Documentation = Debug|Documentation
		Debug|Installer = Debug|Installer
		Release|Any CPU = Release|Any CPU
		Release|Documentation = Release|Documentation
		Release|Installer = Release|Installer
	EndGlobalSection
	GlobalSection(ProjectConfigurationPlatforms) = postSolution
		{23EF7A22-E67F-4CB5-A83E-EC108BBA3201}.Debug|Any CPU.ActiveCfg = Debug|Any CPU
		{23EF7A22-E67F-4CB5-A83E-EC108BBA3201}.Debug|Any CPU.Build.0 = Debug|Any CPU
		{23EF7A22-E67F-4CB5-A83E-EC108BBA3201}.Debug|Documentation.ActiveCfg = Debug|Any CPU
		{23EF7A22-E67F-4CB5-A83E-EC108BBA3201}.Debug|Installer.ActiveCfg = Debug|Any CPU
		{23EF7A22-E67F-4CB5-A83E-EC108BBA3201}.Release|Any CPU.ActiveCfg = Release|Any CPU
		{23EF7A22-E67F-4CB5-A83E-EC108BBA3201}.Release|Any CPU.Build.0 = Release|Any CPU
		{23EF7A22-E67F-4CB5-A83E-EC108BBA3201}.Release|Documentation.ActiveCfg = Release|Any CPU
		{23EF7A22-E67F-4CB5-A83E-EC108BBA3201}.Release|Installer.ActiveCfg = Release|Any CPU
		{A857E9EB-3C51-4D9D-92B3-ACC90175EB7E}.Debug|Any CPU.ActiveCfg = Debug|Any CPU
		{A857E9EB-3C51-4D9D-92B3-ACC90175EB7E}.Debug|Any CPU.Build.0 = Debug|Any CPU
		{A857E9EB-3C51-4D9D-92B3-ACC90175EB7E}.Debug|Documentation.ActiveCfg = Debug|Any CPU
		{A857E9EB-3C51-4D9D-92B3-ACC90175EB7E}.Debug|Installer.ActiveCfg = Debug|Any CPU
		{A857E9EB-3C51-4D9D-92B3-ACC90175EB7E}.Release|Any CPU.ActiveCfg = Release|Any CPU
		{A857E9EB-3C51-4D9D-92B3-ACC90175EB7E}.Release|Any CPU.Build.0 = Release|Any CPU
		{A857E9EB-3C51-4D9D-92B3-ACC90175EB7E}.Release|Documentation.ActiveCfg = Release|Any CPU
		{A857E9EB-3C51-4D9D-92B3-ACC90175EB7E}.Release|Installer.ActiveCfg = Release|Any CPU
		{C20C27F0-30EC-4CEC-A6C1-D134B001FE68}.Debug|Any CPU.ActiveCfg = Debug|Any CPU
		{C20C27F0-30EC-4CEC-A6C1-D134B001FE68}.Debug|Any CPU.Build.0 = Debug|Any CPU
		{C20C27F0-30EC-4CEC-A6C1-D134B001FE68}.Debug|Documentation.ActiveCfg = Debug|Any CPU
		{C20C27F0-30EC-4CEC-A6C1-D134B001FE68}.Debug|Installer.ActiveCfg = Debug|Any CPU
		{C20C27F0-30EC-4CEC-A6C1-D134B001FE68}.Release|Any CPU.ActiveCfg = Release|Any CPU
		{C20C27F0-30EC-4CEC-A6C1-D134B001FE68}.Release|Any CPU.Build.0 = Release|Any CPU
		{C20C27F0-30EC-4CEC-A6C1-D134B001FE68}.Release|Documentation.ActiveCfg = Release|Any CPU
		{C20C27F0-30EC-4CEC-A6C1-D134B001FE68}.Release|Installer.ActiveCfg = Release|Any CPU
		{38B646E5-3C3D-4B7B-83BF-5686CFCF773E}.Debug|Any CPU.ActiveCfg = Debug|Any CPU
		{38B646E5-3C3D-4B7B-83BF-5686CFCF773E}.Debug|Any CPU.Build.0 = Debug|Any CPU
		{38B646E5-3C3D-4B7B-83BF-5686CFCF773E}.Debug|Documentation.ActiveCfg = Debug|Any CPU
		{38B646E5-3C3D-4B7B-83BF-5686CFCF773E}.Debug|Installer.ActiveCfg = Debug|Any CPU
		{38B646E5-3C3D-4B7B-83BF-5686CFCF773E}.Release|Any CPU.ActiveCfg = Release|Any CPU
		{38B646E5-3C3D-4B7B-83BF-5686CFCF773E}.Release|Any CPU.Build.0 = Release|Any CPU
		{38B646E5-3C3D-4B7B-83BF-5686CFCF773E}.Release|Documentation.ActiveCfg = Release|Any CPU
		{38B646E5-3C3D-4B7B-83BF-5686CFCF773E}.Release|Installer.ActiveCfg = Release|Any CPU
		{4EF4F830-92A1-46D1-8E70-38C5BF52165B}.Debug|Any CPU.ActiveCfg = Debug|Any CPU
		{4EF4F830-92A1-46D1-8E70-38C5BF52165B}.Debug|Any CPU.Build.0 = Debug|Any CPU
		{4EF4F830-92A1-46D1-8E70-38C5BF52165B}.Debug|Documentation.ActiveCfg = Debug|Any CPU
		{4EF4F830-92A1-46D1-8E70-38C5BF52165B}.Debug|Installer.ActiveCfg = Debug|Any CPU
		{4EF4F830-92A1-46D1-8E70-38C5BF52165B}.Release|Any CPU.ActiveCfg = Release|Any CPU
		{4EF4F830-92A1-46D1-8E70-38C5BF52165B}.Release|Any CPU.Build.0 = Release|Any CPU
		{4EF4F830-92A1-46D1-8E70-38C5BF52165B}.Release|Documentation.ActiveCfg = Release|Any CPU
		{4EF4F830-92A1-46D1-8E70-38C5BF52165B}.Release|Installer.ActiveCfg = Release|Any CPU
		{C48982A8-FC03-4688-B0FD-31813A7EE688}.Debug|Any CPU.ActiveCfg = Debug|Any CPU
		{C48982A8-FC03-4688-B0FD-31813A7EE688}.Debug|Any CPU.Build.0 = Debug|Any CPU
		{C48982A8-FC03-4688-B0FD-31813A7EE688}.Debug|Documentation.ActiveCfg = Debug|Any CPU
		{C48982A8-FC03-4688-B0FD-31813A7EE688}.Debug|Installer.ActiveCfg = Debug|Any CPU
		{C48982A8-FC03-4688-B0FD-31813A7EE688}.Release|Any CPU.ActiveCfg = Release|Any CPU
		{C48982A8-FC03-4688-B0FD-31813A7EE688}.Release|Any CPU.Build.0 = Release|Any CPU
		{C48982A8-FC03-4688-B0FD-31813A7EE688}.Release|Documentation.ActiveCfg = Release|Any CPU
		{C48982A8-FC03-4688-B0FD-31813A7EE688}.Release|Installer.ActiveCfg = Release|Any CPU
		{5694F858-4837-4354-A808-0C7941D45B58}.Debug|Any CPU.ActiveCfg = Debug|Any CPU
		{5694F858-4837-4354-A808-0C7941D45B58}.Debug|Any CPU.Build.0 = Debug|Any CPU
		{5694F858-4837-4354-A808-0C7941D45B58}.Debug|Documentation.ActiveCfg = Debug|Any CPU
		{5694F858-4837-4354-A808-0C7941D45B58}.Debug|Installer.ActiveCfg = Debug|Any CPU
		{5694F858-4837-4354-A808-0C7941D45B58}.Release|Any CPU.ActiveCfg = Release|Any CPU
		{5694F858-4837-4354-A808-0C7941D45B58}.Release|Any CPU.Build.0 = Release|Any CPU
		{5694F858-4837-4354-A808-0C7941D45B58}.Release|Documentation.ActiveCfg = Release|Any CPU
		{5694F858-4837-4354-A808-0C7941D45B58}.Release|Installer.ActiveCfg = Release|Any CPU
		{54E08588-2A70-4545-9FCE-0E3B6B04158A}.Debug|Any CPU.ActiveCfg = Debug|Any CPU
		{54E08588-2A70-4545-9FCE-0E3B6B04158A}.Debug|Any CPU.Build.0 = Debug|Any CPU
		{54E08588-2A70-4545-9FCE-0E3B6B04158A}.Debug|Documentation.ActiveCfg = Debug|Any CPU
		{54E08588-2A70-4545-9FCE-0E3B6B04158A}.Debug|Installer.ActiveCfg = Debug|Any CPU
		{54E08588-2A70-4545-9FCE-0E3B6B04158A}.Release|Any CPU.ActiveCfg = Release|Any CPU
		{54E08588-2A70-4545-9FCE-0E3B6B04158A}.Release|Any CPU.Build.0 = Release|Any CPU
		{54E08588-2A70-4545-9FCE-0E3B6B04158A}.Release|Documentation.ActiveCfg = Release|Any CPU
		{54E08588-2A70-4545-9FCE-0E3B6B04158A}.Release|Installer.ActiveCfg = Release|Any CPU
		{7F304954-A190-4003-B11E-A9043113396D}.Debug|Any CPU.ActiveCfg = Debug|Any CPU
		{7F304954-A190-4003-B11E-A9043113396D}.Debug|Any CPU.Build.0 = Debug|Any CPU
		{7F304954-A190-4003-B11E-A9043113396D}.Debug|Documentation.ActiveCfg = Debug|Any CPU
		{7F304954-A190-4003-B11E-A9043113396D}.Debug|Installer.ActiveCfg = Debug|Any CPU
		{7F304954-A190-4003-B11E-A9043113396D}.Release|Any CPU.ActiveCfg = Release|Any CPU
		{7F304954-A190-4003-B11E-A9043113396D}.Release|Any CPU.Build.0 = Release|Any CPU
		{7F304954-A190-4003-B11E-A9043113396D}.Release|Documentation.ActiveCfg = Release|Any CPU
		{7F304954-A190-4003-B11E-A9043113396D}.Release|Installer.ActiveCfg = Release|Any CPU
		{06DA637B-2C33-423D-A222-E2D909EEA47E}.Debug|Any CPU.ActiveCfg = Debug|Any CPU
		{06DA637B-2C33-423D-A222-E2D909EEA47E}.Debug|Any CPU.Build.0 = Debug|Any CPU
		{06DA637B-2C33-423D-A222-E2D909EEA47E}.Debug|Documentation.ActiveCfg = Debug|Any CPU
		{06DA637B-2C33-423D-A222-E2D909EEA47E}.Debug|Installer.ActiveCfg = Debug|Any CPU
		{06DA637B-2C33-423D-A222-E2D909EEA47E}.Debug|Installer.Build.0 = Debug|Any CPU
		{06DA637B-2C33-423D-A222-E2D909EEA47E}.Release|Any CPU.ActiveCfg = Release|Any CPU
		{06DA637B-2C33-423D-A222-E2D909EEA47E}.Release|Any CPU.Build.0 = Release|Any CPU
		{06DA637B-2C33-423D-A222-E2D909EEA47E}.Release|Documentation.ActiveCfg = Release|Any CPU
		{06DA637B-2C33-423D-A222-E2D909EEA47E}.Release|Installer.ActiveCfg = Release|Any CPU
		{06DA637B-2C33-423D-A222-E2D909EEA47E}.Release|Installer.Build.0 = Release|Any CPU
		{C12052C1-872A-4B04-97FB-9347A4539C87}.Debug|Any CPU.ActiveCfg = Debug|Any CPU
		{C12052C1-872A-4B04-97FB-9347A4539C87}.Debug|Any CPU.Build.0 = Debug|Any CPU
		{C12052C1-872A-4B04-97FB-9347A4539C87}.Debug|Documentation.ActiveCfg = Debug|Any CPU
		{C12052C1-872A-4B04-97FB-9347A4539C87}.Debug|Installer.ActiveCfg = Debug|Any CPU
		{C12052C1-872A-4B04-97FB-9347A4539C87}.Debug|Installer.Build.0 = Debug|Any CPU
		{C12052C1-872A-4B04-97FB-9347A4539C87}.Release|Any CPU.ActiveCfg = Release|Any CPU
		{C12052C1-872A-4B04-97FB-9347A4539C87}.Release|Any CPU.Build.0 = Release|Any CPU
		{C12052C1-872A-4B04-97FB-9347A4539C87}.Release|Documentation.ActiveCfg = Release|Any CPU
		{C12052C1-872A-4B04-97FB-9347A4539C87}.Release|Installer.ActiveCfg = Release|Any CPU
		{C12052C1-872A-4B04-97FB-9347A4539C87}.Release|Installer.Build.0 = Release|Any CPU
		{DA0DFE9E-363D-411E-BBB5-B22C6379CC0F}.Debug|Any CPU.ActiveCfg = Debug|Any CPU
		{DA0DFE9E-363D-411E-BBB5-B22C6379CC0F}.Debug|Any CPU.Build.0 = Debug|Any CPU
		{DA0DFE9E-363D-411E-BBB5-B22C6379CC0F}.Debug|Documentation.ActiveCfg = Debug|Any CPU
		{DA0DFE9E-363D-411E-BBB5-B22C6379CC0F}.Debug|Installer.ActiveCfg = Debug|Any CPU
		{DA0DFE9E-363D-411E-BBB5-B22C6379CC0F}.Release|Any CPU.ActiveCfg = Release|Any CPU
		{DA0DFE9E-363D-411E-BBB5-B22C6379CC0F}.Release|Any CPU.Build.0 = Release|Any CPU
		{DA0DFE9E-363D-411E-BBB5-B22C6379CC0F}.Release|Documentation.ActiveCfg = Release|Any CPU
		{DA0DFE9E-363D-411E-BBB5-B22C6379CC0F}.Release|Installer.ActiveCfg = Release|Any CPU
		{802680EB-8A43-447A-BE01-4BFEB12B0106}.Debug|Any CPU.ActiveCfg = Debug|Any CPU
		{802680EB-8A43-447A-BE01-4BFEB12B0106}.Debug|Any CPU.Build.0 = Debug|Any CPU
		{802680EB-8A43-447A-BE01-4BFEB12B0106}.Debug|Documentation.ActiveCfg = Debug|Any CPU
		{802680EB-8A43-447A-BE01-4BFEB12B0106}.Debug|Installer.ActiveCfg = Debug|Any CPU
		{802680EB-8A43-447A-BE01-4BFEB12B0106}.Release|Any CPU.ActiveCfg = Release|Any CPU
		{802680EB-8A43-447A-BE01-4BFEB12B0106}.Release|Any CPU.Build.0 = Release|Any CPU
		{802680EB-8A43-447A-BE01-4BFEB12B0106}.Release|Documentation.ActiveCfg = Release|Any CPU
		{802680EB-8A43-447A-BE01-4BFEB12B0106}.Release|Installer.ActiveCfg = Release|Any CPU
		{E7943E87-1406-4D83-AAC0-727DC8116E9C}.Debug|Any CPU.ActiveCfg = Debug|Any CPU
		{E7943E87-1406-4D83-AAC0-727DC8116E9C}.Debug|Any CPU.Build.0 = Debug|Any CPU
		{E7943E87-1406-4D83-AAC0-727DC8116E9C}.Debug|Documentation.ActiveCfg = Debug|Any CPU
		{E7943E87-1406-4D83-AAC0-727DC8116E9C}.Debug|Installer.ActiveCfg = Debug|Any CPU
		{E7943E87-1406-4D83-AAC0-727DC8116E9C}.Release|Any CPU.ActiveCfg = Release|Any CPU
		{E7943E87-1406-4D83-AAC0-727DC8116E9C}.Release|Any CPU.Build.0 = Release|Any CPU
		{E7943E87-1406-4D83-AAC0-727DC8116E9C}.Release|Documentation.ActiveCfg = Release|Any CPU
		{E7943E87-1406-4D83-AAC0-727DC8116E9C}.Release|Installer.ActiveCfg = Release|Any CPU
		{7D84422C-8D1D-406C-8462-707B937FAE8F}.Debug|Any CPU.ActiveCfg = Debug|Any CPU
		{7D84422C-8D1D-406C-8462-707B937FAE8F}.Debug|Any CPU.Build.0 = Debug|Any CPU
		{7D84422C-8D1D-406C-8462-707B937FAE8F}.Debug|Documentation.ActiveCfg = Debug|Any CPU
		{7D84422C-8D1D-406C-8462-707B937FAE8F}.Debug|Installer.ActiveCfg = Debug|Any CPU
		{7D84422C-8D1D-406C-8462-707B937FAE8F}.Release|Any CPU.ActiveCfg = Release|Any CPU
		{7D84422C-8D1D-406C-8462-707B937FAE8F}.Release|Any CPU.Build.0 = Release|Any CPU
		{7D84422C-8D1D-406C-8462-707B937FAE8F}.Release|Documentation.ActiveCfg = Release|Any CPU
		{7D84422C-8D1D-406C-8462-707B937FAE8F}.Release|Installer.ActiveCfg = Release|Any CPU
		{B2D9D9D6-F121-4797-8BB8-5263EF26FBF8}.Debug|Any CPU.ActiveCfg = Debug|Any CPU
		{B2D9D9D6-F121-4797-8BB8-5263EF26FBF8}.Debug|Any CPU.Build.0 = Debug|Any CPU
		{B2D9D9D6-F121-4797-8BB8-5263EF26FBF8}.Debug|Documentation.ActiveCfg = Debug|Any CPU
		{B2D9D9D6-F121-4797-8BB8-5263EF26FBF8}.Debug|Installer.ActiveCfg = Debug|Any CPU
		{B2D9D9D6-F121-4797-8BB8-5263EF26FBF8}.Release|Any CPU.ActiveCfg = Release|Any CPU
		{B2D9D9D6-F121-4797-8BB8-5263EF26FBF8}.Release|Any CPU.Build.0 = Release|Any CPU
		{B2D9D9D6-F121-4797-8BB8-5263EF26FBF8}.Release|Documentation.ActiveCfg = Release|Any CPU
		{B2D9D9D6-F121-4797-8BB8-5263EF26FBF8}.Release|Installer.ActiveCfg = Release|Any CPU
		{919B5DEF-938A-4FD6-B092-7100A45F4EB0}.Debug|Any CPU.ActiveCfg = Debug|Any CPU
		{919B5DEF-938A-4FD6-B092-7100A45F4EB0}.Debug|Any CPU.Build.0 = Debug|Any CPU
		{919B5DEF-938A-4FD6-B092-7100A45F4EB0}.Debug|Documentation.ActiveCfg = Debug|Any CPU
		{919B5DEF-938A-4FD6-B092-7100A45F4EB0}.Debug|Installer.ActiveCfg = Debug|Any CPU
		{919B5DEF-938A-4FD6-B092-7100A45F4EB0}.Release|Any CPU.ActiveCfg = Release|Any CPU
		{919B5DEF-938A-4FD6-B092-7100A45F4EB0}.Release|Any CPU.Build.0 = Release|Any CPU
		{919B5DEF-938A-4FD6-B092-7100A45F4EB0}.Release|Documentation.ActiveCfg = Release|Any CPU
		{919B5DEF-938A-4FD6-B092-7100A45F4EB0}.Release|Installer.ActiveCfg = Release|Any CPU
		{7C722998-FBFD-438C-9446-E67154EDBFC5}.Debug|Any CPU.ActiveCfg = Debug|Any CPU
		{7C722998-FBFD-438C-9446-E67154EDBFC5}.Debug|Any CPU.Build.0 = Debug|Any CPU
		{7C722998-FBFD-438C-9446-E67154EDBFC5}.Debug|Documentation.ActiveCfg = Debug|Any CPU
		{7C722998-FBFD-438C-9446-E67154EDBFC5}.Debug|Installer.ActiveCfg = Debug|Any CPU
		{7C722998-FBFD-438C-9446-E67154EDBFC5}.Release|Any CPU.ActiveCfg = Release|Any CPU
		{7C722998-FBFD-438C-9446-E67154EDBFC5}.Release|Any CPU.Build.0 = Release|Any CPU
		{7C722998-FBFD-438C-9446-E67154EDBFC5}.Release|Documentation.ActiveCfg = Release|Any CPU
		{7C722998-FBFD-438C-9446-E67154EDBFC5}.Release|Installer.ActiveCfg = Release|Any CPU
		{92E23510-B574-4F8E-805E-03ABF225750A}.Debug|Any CPU.ActiveCfg = Debug|Any CPU
		{92E23510-B574-4F8E-805E-03ABF225750A}.Debug|Any CPU.Build.0 = Debug|Any CPU
		{92E23510-B574-4F8E-805E-03ABF225750A}.Debug|Documentation.ActiveCfg = Debug|Any CPU
		{92E23510-B574-4F8E-805E-03ABF225750A}.Debug|Installer.ActiveCfg = Debug|Any CPU
		{92E23510-B574-4F8E-805E-03ABF225750A}.Release|Any CPU.ActiveCfg = Release|Any CPU
		{92E23510-B574-4F8E-805E-03ABF225750A}.Release|Any CPU.Build.0 = Release|Any CPU
		{92E23510-B574-4F8E-805E-03ABF225750A}.Release|Documentation.ActiveCfg = Release|Any CPU
		{92E23510-B574-4F8E-805E-03ABF225750A}.Release|Installer.ActiveCfg = Release|Any CPU
		{3D34F658-A506-4B39-8E7E-9C088B86B939}.Debug|Any CPU.ActiveCfg = Debug|Any CPU
		{3D34F658-A506-4B39-8E7E-9C088B86B939}.Debug|Any CPU.Build.0 = Debug|Any CPU
		{3D34F658-A506-4B39-8E7E-9C088B86B939}.Debug|Documentation.ActiveCfg = Debug|Any CPU
		{3D34F658-A506-4B39-8E7E-9C088B86B939}.Debug|Installer.ActiveCfg = Debug|Any CPU
		{3D34F658-A506-4B39-8E7E-9C088B86B939}.Release|Any CPU.ActiveCfg = Release|Any CPU
		{3D34F658-A506-4B39-8E7E-9C088B86B939}.Release|Any CPU.Build.0 = Release|Any CPU
		{3D34F658-A506-4B39-8E7E-9C088B86B939}.Release|Documentation.ActiveCfg = Release|Any CPU
		{3D34F658-A506-4B39-8E7E-9C088B86B939}.Release|Installer.ActiveCfg = Release|Any CPU
		{5A089023-B1A4-4AB5-84AC-57EB65090CDD}.Debug|Any CPU.ActiveCfg = Debug|Any CPU
		{5A089023-B1A4-4AB5-84AC-57EB65090CDD}.Debug|Any CPU.Build.0 = Debug|Any CPU
		{5A089023-B1A4-4AB5-84AC-57EB65090CDD}.Debug|Documentation.ActiveCfg = Debug|Any CPU
		{5A089023-B1A4-4AB5-84AC-57EB65090CDD}.Debug|Installer.ActiveCfg = Debug|Any CPU
		{5A089023-B1A4-4AB5-84AC-57EB65090CDD}.Release|Any CPU.ActiveCfg = Release|Any CPU
		{5A089023-B1A4-4AB5-84AC-57EB65090CDD}.Release|Any CPU.Build.0 = Release|Any CPU
		{5A089023-B1A4-4AB5-84AC-57EB65090CDD}.Release|Documentation.ActiveCfg = Release|Any CPU
		{5A089023-B1A4-4AB5-84AC-57EB65090CDD}.Release|Installer.ActiveCfg = Release|Any CPU
		{601BDF43-F612-4974-9290-D87517451D45}.Debug|Any CPU.ActiveCfg = Debug|Any CPU
		{601BDF43-F612-4974-9290-D87517451D45}.Debug|Any CPU.Build.0 = Debug|Any CPU
		{601BDF43-F612-4974-9290-D87517451D45}.Debug|Documentation.ActiveCfg = Debug|Any CPU
		{601BDF43-F612-4974-9290-D87517451D45}.Debug|Installer.ActiveCfg = Debug|Any CPU
		{601BDF43-F612-4974-9290-D87517451D45}.Release|Any CPU.ActiveCfg = Release|Any CPU
		{601BDF43-F612-4974-9290-D87517451D45}.Release|Any CPU.Build.0 = Release|Any CPU
		{601BDF43-F612-4974-9290-D87517451D45}.Release|Documentation.ActiveCfg = Release|Any CPU
		{601BDF43-F612-4974-9290-D87517451D45}.Release|Installer.ActiveCfg = Release|Any CPU
		{BB4F57E2-8CE8-4F7E-ABE7-D6DE51593B54}.Debug|Any CPU.ActiveCfg = Debug|Any CPU
		{BB4F57E2-8CE8-4F7E-ABE7-D6DE51593B54}.Debug|Any CPU.Build.0 = Debug|Any CPU
		{BB4F57E2-8CE8-4F7E-ABE7-D6DE51593B54}.Debug|Documentation.ActiveCfg = Debug|Any CPU
		{BB4F57E2-8CE8-4F7E-ABE7-D6DE51593B54}.Debug|Installer.ActiveCfg = Debug|Any CPU
		{BB4F57E2-8CE8-4F7E-ABE7-D6DE51593B54}.Release|Any CPU.ActiveCfg = Release|Any CPU
		{BB4F57E2-8CE8-4F7E-ABE7-D6DE51593B54}.Release|Any CPU.Build.0 = Release|Any CPU
		{BB4F57E2-8CE8-4F7E-ABE7-D6DE51593B54}.Release|Documentation.ActiveCfg = Release|Any CPU
		{BB4F57E2-8CE8-4F7E-ABE7-D6DE51593B54}.Release|Installer.ActiveCfg = Release|Any CPU
		{3B77C36B-59B1-4D1A-9B9F-4B707ADEF3EB}.Debug|Any CPU.ActiveCfg = Debug|Any CPU
		{3B77C36B-59B1-4D1A-9B9F-4B707ADEF3EB}.Debug|Any CPU.Build.0 = Debug|Any CPU
		{3B77C36B-59B1-4D1A-9B9F-4B707ADEF3EB}.Debug|Documentation.ActiveCfg = Debug|Any CPU
		{3B77C36B-59B1-4D1A-9B9F-4B707ADEF3EB}.Debug|Installer.ActiveCfg = Debug|Any CPU
		{3B77C36B-59B1-4D1A-9B9F-4B707ADEF3EB}.Release|Any CPU.ActiveCfg = Release|Any CPU
		{3B77C36B-59B1-4D1A-9B9F-4B707ADEF3EB}.Release|Any CPU.Build.0 = Release|Any CPU
		{3B77C36B-59B1-4D1A-9B9F-4B707ADEF3EB}.Release|Documentation.ActiveCfg = Release|Any CPU
		{3B77C36B-59B1-4D1A-9B9F-4B707ADEF3EB}.Release|Installer.ActiveCfg = Release|Any CPU
		{24137E26-9A3F-4CA3-8168-965FFEC133E9}.Debug|Any CPU.ActiveCfg = Debug|Any CPU
		{24137E26-9A3F-4CA3-8168-965FFEC133E9}.Debug|Any CPU.Build.0 = Debug|Any CPU
		{24137E26-9A3F-4CA3-8168-965FFEC133E9}.Debug|Documentation.ActiveCfg = Debug|Any CPU
		{24137E26-9A3F-4CA3-8168-965FFEC133E9}.Debug|Installer.ActiveCfg = Debug|Any CPU
		{24137E26-9A3F-4CA3-8168-965FFEC133E9}.Release|Any CPU.ActiveCfg = Release|Any CPU
		{24137E26-9A3F-4CA3-8168-965FFEC133E9}.Release|Any CPU.Build.0 = Release|Any CPU
		{24137E26-9A3F-4CA3-8168-965FFEC133E9}.Release|Documentation.ActiveCfg = Release|Any CPU
		{24137E26-9A3F-4CA3-8168-965FFEC133E9}.Release|Installer.ActiveCfg = Release|Any CPU
		{6B742F0A-65B1-4EE0-991B-F587A88271D6}.Debug|Any CPU.ActiveCfg = Debug|Any CPU
		{6B742F0A-65B1-4EE0-991B-F587A88271D6}.Debug|Any CPU.Build.0 = Debug|Any CPU
		{6B742F0A-65B1-4EE0-991B-F587A88271D6}.Debug|Documentation.ActiveCfg = Debug|Any CPU
		{6B742F0A-65B1-4EE0-991B-F587A88271D6}.Debug|Installer.ActiveCfg = Debug|Any CPU
		{6B742F0A-65B1-4EE0-991B-F587A88271D6}.Release|Any CPU.ActiveCfg = Release|Any CPU
		{6B742F0A-65B1-4EE0-991B-F587A88271D6}.Release|Any CPU.Build.0 = Release|Any CPU
		{6B742F0A-65B1-4EE0-991B-F587A88271D6}.Release|Documentation.ActiveCfg = Release|Any CPU
		{6B742F0A-65B1-4EE0-991B-F587A88271D6}.Release|Installer.ActiveCfg = Release|Any CPU
		{BC2B4DE3-549A-4CDC-8208-D887509AC21D}.Debug|Any CPU.ActiveCfg = Debug|Any CPU
		{BC2B4DE3-549A-4CDC-8208-D887509AC21D}.Debug|Any CPU.Build.0 = Debug|Any CPU
		{BC2B4DE3-549A-4CDC-8208-D887509AC21D}.Debug|Documentation.ActiveCfg = Debug|Any CPU
		{BC2B4DE3-549A-4CDC-8208-D887509AC21D}.Debug|Installer.ActiveCfg = Debug|Any CPU
		{BC2B4DE3-549A-4CDC-8208-D887509AC21D}.Release|Any CPU.ActiveCfg = Release|Any CPU
		{BC2B4DE3-549A-4CDC-8208-D887509AC21D}.Release|Any CPU.Build.0 = Release|Any CPU
		{BC2B4DE3-549A-4CDC-8208-D887509AC21D}.Release|Documentation.ActiveCfg = Release|Any CPU
		{BC2B4DE3-549A-4CDC-8208-D887509AC21D}.Release|Installer.ActiveCfg = Release|Any CPU
		{835A05C0-ED4C-4D3A-88E4-D8BC3686ED2F}.Debug|Any CPU.ActiveCfg = Debug|Any CPU
		{835A05C0-ED4C-4D3A-88E4-D8BC3686ED2F}.Debug|Any CPU.Build.0 = Debug|Any CPU
		{835A05C0-ED4C-4D3A-88E4-D8BC3686ED2F}.Debug|Documentation.ActiveCfg = Debug|Any CPU
		{835A05C0-ED4C-4D3A-88E4-D8BC3686ED2F}.Debug|Installer.ActiveCfg = Debug|Any CPU
		{835A05C0-ED4C-4D3A-88E4-D8BC3686ED2F}.Release|Any CPU.ActiveCfg = Release|Any CPU
		{835A05C0-ED4C-4D3A-88E4-D8BC3686ED2F}.Release|Any CPU.Build.0 = Release|Any CPU
		{835A05C0-ED4C-4D3A-88E4-D8BC3686ED2F}.Release|Documentation.ActiveCfg = Release|Any CPU
		{835A05C0-ED4C-4D3A-88E4-D8BC3686ED2F}.Release|Installer.ActiveCfg = Release|Any CPU
		{E32F465C-8999-44E1-BA6A-A7C12E3FB5FD}.Debug|Any CPU.ActiveCfg = Debug|Any CPU
		{E32F465C-8999-44E1-BA6A-A7C12E3FB5FD}.Debug|Any CPU.Build.0 = Debug|Any CPU
		{E32F465C-8999-44E1-BA6A-A7C12E3FB5FD}.Debug|Documentation.ActiveCfg = Debug|Any CPU
		{E32F465C-8999-44E1-BA6A-A7C12E3FB5FD}.Debug|Installer.ActiveCfg = Debug|Any CPU
		{E32F465C-8999-44E1-BA6A-A7C12E3FB5FD}.Release|Any CPU.ActiveCfg = Release|Any CPU
		{E32F465C-8999-44E1-BA6A-A7C12E3FB5FD}.Release|Any CPU.Build.0 = Release|Any CPU
		{E32F465C-8999-44E1-BA6A-A7C12E3FB5FD}.Release|Documentation.ActiveCfg = Release|Any CPU
		{E32F465C-8999-44E1-BA6A-A7C12E3FB5FD}.Release|Installer.ActiveCfg = Release|Any CPU
		{25B2460C-64F5-471A-AA11-5DF22AF01479}.Debug|Any CPU.ActiveCfg = Debug|Any CPU
		{25B2460C-64F5-471A-AA11-5DF22AF01479}.Debug|Any CPU.Build.0 = Debug|Any CPU
		{25B2460C-64F5-471A-AA11-5DF22AF01479}.Debug|Documentation.ActiveCfg = Debug|Any CPU
		{25B2460C-64F5-471A-AA11-5DF22AF01479}.Debug|Installer.ActiveCfg = Debug|Any CPU
		{25B2460C-64F5-471A-AA11-5DF22AF01479}.Release|Any CPU.ActiveCfg = Release|Any CPU
		{25B2460C-64F5-471A-AA11-5DF22AF01479}.Release|Any CPU.Build.0 = Release|Any CPU
		{25B2460C-64F5-471A-AA11-5DF22AF01479}.Release|Documentation.ActiveCfg = Release|Any CPU
		{25B2460C-64F5-471A-AA11-5DF22AF01479}.Release|Installer.ActiveCfg = Release|Any CPU
		{C5D41223-E5EF-410D-81B1-4F439AF4AF1C}.Debug|Any CPU.ActiveCfg = Debug|Any CPU
		{C5D41223-E5EF-410D-81B1-4F439AF4AF1C}.Debug|Any CPU.Build.0 = Debug|Any CPU
		{C5D41223-E5EF-410D-81B1-4F439AF4AF1C}.Debug|Documentation.ActiveCfg = Debug|Any CPU
		{C5D41223-E5EF-410D-81B1-4F439AF4AF1C}.Debug|Installer.ActiveCfg = Debug|Any CPU
		{C5D41223-E5EF-410D-81B1-4F439AF4AF1C}.Release|Any CPU.ActiveCfg = Release|Any CPU
		{C5D41223-E5EF-410D-81B1-4F439AF4AF1C}.Release|Any CPU.Build.0 = Release|Any CPU
		{C5D41223-E5EF-410D-81B1-4F439AF4AF1C}.Release|Documentation.ActiveCfg = Release|Any CPU
		{C5D41223-E5EF-410D-81B1-4F439AF4AF1C}.Release|Installer.ActiveCfg = Release|Any CPU
		{C5D41223-E5EF-410D-81B1-4F439AF4AF1C}.Release|Installer.Build.0 = Release|Any CPU
		{1834C3A1-43CC-4C26-AF46-6072319826FA}.Debug|Any CPU.ActiveCfg = Debug|Any CPU
		{1834C3A1-43CC-4C26-AF46-6072319826FA}.Debug|Any CPU.Build.0 = Debug|Any CPU
		{1834C3A1-43CC-4C26-AF46-6072319826FA}.Debug|Documentation.ActiveCfg = Debug|Any CPU
		{1834C3A1-43CC-4C26-AF46-6072319826FA}.Debug|Installer.ActiveCfg = Debug|Any CPU
		{1834C3A1-43CC-4C26-AF46-6072319826FA}.Release|Any CPU.ActiveCfg = Release|Any CPU
		{1834C3A1-43CC-4C26-AF46-6072319826FA}.Release|Any CPU.Build.0 = Release|Any CPU
		{1834C3A1-43CC-4C26-AF46-6072319826FA}.Release|Documentation.ActiveCfg = Release|Any CPU
		{1834C3A1-43CC-4C26-AF46-6072319826FA}.Release|Installer.ActiveCfg = Release|Any CPU
		{8B85ED53-12E1-4759-BC77-7E5F0E673A1F}.Debug|Any CPU.ActiveCfg = Debug|Any CPU
		{8B85ED53-12E1-4759-BC77-7E5F0E673A1F}.Debug|Any CPU.Build.0 = Debug|Any CPU
		{8B85ED53-12E1-4759-BC77-7E5F0E673A1F}.Debug|Documentation.ActiveCfg = Debug|Any CPU
		{8B85ED53-12E1-4759-BC77-7E5F0E673A1F}.Debug|Installer.ActiveCfg = Debug|Any CPU
		{8B85ED53-12E1-4759-BC77-7E5F0E673A1F}.Release|Any CPU.ActiveCfg = Release|Any CPU
		{8B85ED53-12E1-4759-BC77-7E5F0E673A1F}.Release|Any CPU.Build.0 = Release|Any CPU
		{8B85ED53-12E1-4759-BC77-7E5F0E673A1F}.Release|Documentation.ActiveCfg = Release|Any CPU
		{8B85ED53-12E1-4759-BC77-7E5F0E673A1F}.Release|Installer.ActiveCfg = Release|Any CPU
		{305329D3-FBC0-4BAA-9993-F04D6D72BF13}.Debug|Any CPU.ActiveCfg = Debug|Any CPU
		{305329D3-FBC0-4BAA-9993-F04D6D72BF13}.Debug|Any CPU.Build.0 = Debug|Any CPU
		{305329D3-FBC0-4BAA-9993-F04D6D72BF13}.Debug|Documentation.ActiveCfg = Debug|Any CPU
		{305329D3-FBC0-4BAA-9993-F04D6D72BF13}.Debug|Installer.ActiveCfg = Debug|Any CPU
		{305329D3-FBC0-4BAA-9993-F04D6D72BF13}.Release|Any CPU.ActiveCfg = Release|Any CPU
		{305329D3-FBC0-4BAA-9993-F04D6D72BF13}.Release|Any CPU.Build.0 = Release|Any CPU
		{305329D3-FBC0-4BAA-9993-F04D6D72BF13}.Release|Documentation.ActiveCfg = Release|Any CPU
		{305329D3-FBC0-4BAA-9993-F04D6D72BF13}.Release|Installer.ActiveCfg = Release|Any CPU
		{00BF31C4-4C6A-435F-B9F0-BEAA18C4D868}.Debug|Any CPU.ActiveCfg = Debug|Any CPU
		{00BF31C4-4C6A-435F-B9F0-BEAA18C4D868}.Debug|Any CPU.Build.0 = Debug|Any CPU
		{00BF31C4-4C6A-435F-B9F0-BEAA18C4D868}.Debug|Documentation.ActiveCfg = Debug|Any CPU
		{00BF31C4-4C6A-435F-B9F0-BEAA18C4D868}.Debug|Installer.ActiveCfg = Debug|Any CPU
		{00BF31C4-4C6A-435F-B9F0-BEAA18C4D868}.Release|Any CPU.ActiveCfg = Release|Any CPU
		{00BF31C4-4C6A-435F-B9F0-BEAA18C4D868}.Release|Any CPU.Build.0 = Release|Any CPU
		{00BF31C4-4C6A-435F-B9F0-BEAA18C4D868}.Release|Documentation.ActiveCfg = Release|Any CPU
		{00BF31C4-4C6A-435F-B9F0-BEAA18C4D868}.Release|Installer.ActiveCfg = Release|Any CPU
		{DBB5A36B-6BE8-4490-9128-32AB2DBA7A92}.Debug|Any CPU.ActiveCfg = Debug|Any CPU
		{DBB5A36B-6BE8-4490-9128-32AB2DBA7A92}.Debug|Any CPU.Build.0 = Debug|Any CPU
		{DBB5A36B-6BE8-4490-9128-32AB2DBA7A92}.Debug|Documentation.ActiveCfg = Debug|Any CPU
		{DBB5A36B-6BE8-4490-9128-32AB2DBA7A92}.Debug|Installer.ActiveCfg = Debug|Any CPU
		{DBB5A36B-6BE8-4490-9128-32AB2DBA7A92}.Release|Any CPU.ActiveCfg = Release|Any CPU
		{DBB5A36B-6BE8-4490-9128-32AB2DBA7A92}.Release|Any CPU.Build.0 = Release|Any CPU
		{DBB5A36B-6BE8-4490-9128-32AB2DBA7A92}.Release|Documentation.ActiveCfg = Release|Any CPU
		{DBB5A36B-6BE8-4490-9128-32AB2DBA7A92}.Release|Installer.ActiveCfg = Release|Any CPU
		{21F17015-7EA1-4DF2-A3DD-EADD207C07E3}.Debug|Any CPU.ActiveCfg = Debug|Any CPU
		{21F17015-7EA1-4DF2-A3DD-EADD207C07E3}.Debug|Any CPU.Build.0 = Debug|Any CPU
		{21F17015-7EA1-4DF2-A3DD-EADD207C07E3}.Debug|Documentation.ActiveCfg = Debug|Any CPU
		{21F17015-7EA1-4DF2-A3DD-EADD207C07E3}.Debug|Installer.ActiveCfg = Debug|Any CPU
		{21F17015-7EA1-4DF2-A3DD-EADD207C07E3}.Release|Any CPU.ActiveCfg = Release|Any CPU
		{21F17015-7EA1-4DF2-A3DD-EADD207C07E3}.Release|Any CPU.Build.0 = Release|Any CPU
		{21F17015-7EA1-4DF2-A3DD-EADD207C07E3}.Release|Documentation.ActiveCfg = Release|Any CPU
		{21F17015-7EA1-4DF2-A3DD-EADD207C07E3}.Release|Installer.ActiveCfg = Release|Any CPU
		{6E305975-0BEE-49D2-9C01-EAE7CA972461}.Debug|Any CPU.ActiveCfg = Debug|Any CPU
		{6E305975-0BEE-49D2-9C01-EAE7CA972461}.Debug|Any CPU.Build.0 = Debug|Any CPU
		{6E305975-0BEE-49D2-9C01-EAE7CA972461}.Debug|Documentation.ActiveCfg = Debug|Any CPU
		{6E305975-0BEE-49D2-9C01-EAE7CA972461}.Debug|Installer.ActiveCfg = Debug|Any CPU
		{6E305975-0BEE-49D2-9C01-EAE7CA972461}.Release|Any CPU.ActiveCfg = Release|Any CPU
		{6E305975-0BEE-49D2-9C01-EAE7CA972461}.Release|Any CPU.Build.0 = Release|Any CPU
		{6E305975-0BEE-49D2-9C01-EAE7CA972461}.Release|Documentation.ActiveCfg = Release|Any CPU
		{6E305975-0BEE-49D2-9C01-EAE7CA972461}.Release|Installer.ActiveCfg = Release|Any CPU
		{2C8559B1-04AA-4803-A052-27B686E6DA0A}.Debug|Any CPU.ActiveCfg = Debug|Any CPU
		{2C8559B1-04AA-4803-A052-27B686E6DA0A}.Debug|Any CPU.Build.0 = Debug|Any CPU
		{2C8559B1-04AA-4803-A052-27B686E6DA0A}.Debug|Documentation.ActiveCfg = Debug|Any CPU
		{2C8559B1-04AA-4803-A052-27B686E6DA0A}.Debug|Installer.ActiveCfg = Debug|Any CPU
		{2C8559B1-04AA-4803-A052-27B686E6DA0A}.Release|Any CPU.ActiveCfg = Release|Any CPU
		{2C8559B1-04AA-4803-A052-27B686E6DA0A}.Release|Any CPU.Build.0 = Release|Any CPU
		{2C8559B1-04AA-4803-A052-27B686E6DA0A}.Release|Documentation.ActiveCfg = Release|Any CPU
		{2C8559B1-04AA-4803-A052-27B686E6DA0A}.Release|Installer.ActiveCfg = Release|Any CPU
		{3ED1A9E6-3F3C-4B56-AD39-BE8B2489804B}.Debug|Any CPU.ActiveCfg = Debug|Any CPU
		{3ED1A9E6-3F3C-4B56-AD39-BE8B2489804B}.Debug|Any CPU.Build.0 = Debug|Any CPU
		{3ED1A9E6-3F3C-4B56-AD39-BE8B2489804B}.Debug|Documentation.ActiveCfg = Debug|Any CPU
		{3ED1A9E6-3F3C-4B56-AD39-BE8B2489804B}.Debug|Installer.ActiveCfg = Debug|Any CPU
		{3ED1A9E6-3F3C-4B56-AD39-BE8B2489804B}.Release|Any CPU.ActiveCfg = Release|Any CPU
		{3ED1A9E6-3F3C-4B56-AD39-BE8B2489804B}.Release|Any CPU.Build.0 = Release|Any CPU
		{3ED1A9E6-3F3C-4B56-AD39-BE8B2489804B}.Release|Documentation.ActiveCfg = Release|Any CPU
		{3ED1A9E6-3F3C-4B56-AD39-BE8B2489804B}.Release|Installer.ActiveCfg = Release|Any CPU
		{34DEA2EA-D0B0-40C4-8A51-24D7198A70ED}.Debug|Any CPU.ActiveCfg = Debug|Any CPU
		{34DEA2EA-D0B0-40C4-8A51-24D7198A70ED}.Debug|Any CPU.Build.0 = Debug|Any CPU
		{34DEA2EA-D0B0-40C4-8A51-24D7198A70ED}.Debug|Documentation.ActiveCfg = Debug|Any CPU
		{34DEA2EA-D0B0-40C4-8A51-24D7198A70ED}.Debug|Installer.ActiveCfg = Debug|Any CPU
		{34DEA2EA-D0B0-40C4-8A51-24D7198A70ED}.Release|Any CPU.ActiveCfg = Release|Any CPU
		{34DEA2EA-D0B0-40C4-8A51-24D7198A70ED}.Release|Any CPU.Build.0 = Release|Any CPU
		{34DEA2EA-D0B0-40C4-8A51-24D7198A70ED}.Release|Documentation.ActiveCfg = Release|Any CPU
		{34DEA2EA-D0B0-40C4-8A51-24D7198A70ED}.Release|Installer.ActiveCfg = Release|Any CPU
		{9CF5535F-D434-4919-9E85-4AEA3C45B681}.Debug|Any CPU.ActiveCfg = Debug|Any CPU
		{9CF5535F-D434-4919-9E85-4AEA3C45B681}.Debug|Any CPU.Build.0 = Debug|Any CPU
		{9CF5535F-D434-4919-9E85-4AEA3C45B681}.Debug|Documentation.ActiveCfg = Debug|Any CPU
		{9CF5535F-D434-4919-9E85-4AEA3C45B681}.Debug|Installer.ActiveCfg = Debug|Any CPU
		{9CF5535F-D434-4919-9E85-4AEA3C45B681}.Release|Any CPU.ActiveCfg = Release|Any CPU
		{9CF5535F-D434-4919-9E85-4AEA3C45B681}.Release|Any CPU.Build.0 = Release|Any CPU
		{9CF5535F-D434-4919-9E85-4AEA3C45B681}.Release|Documentation.ActiveCfg = Release|Any CPU
		{9CF5535F-D434-4919-9E85-4AEA3C45B681}.Release|Installer.ActiveCfg = Release|Any CPU
		{3D177414-59E6-4BBF-84DD-0C9467554BD5}.Debug|Any CPU.ActiveCfg = Debug|Any CPU
		{3D177414-59E6-4BBF-84DD-0C9467554BD5}.Debug|Any CPU.Build.0 = Debug|Any CPU
		{3D177414-59E6-4BBF-84DD-0C9467554BD5}.Debug|Documentation.ActiveCfg = Debug|Any CPU
		{3D177414-59E6-4BBF-84DD-0C9467554BD5}.Debug|Installer.ActiveCfg = Debug|Any CPU
		{3D177414-59E6-4BBF-84DD-0C9467554BD5}.Release|Any CPU.ActiveCfg = Release|Any CPU
		{3D177414-59E6-4BBF-84DD-0C9467554BD5}.Release|Any CPU.Build.0 = Release|Any CPU
		{3D177414-59E6-4BBF-84DD-0C9467554BD5}.Release|Documentation.ActiveCfg = Release|Any CPU
		{3D177414-59E6-4BBF-84DD-0C9467554BD5}.Release|Installer.ActiveCfg = Release|Any CPU
		{DCA1E792-CFEF-49A5-AC9B-B309E004CC05}.Debug|Any CPU.ActiveCfg = Debug|Any CPU
		{DCA1E792-CFEF-49A5-AC9B-B309E004CC05}.Debug|Any CPU.Build.0 = Debug|Any CPU
		{DCA1E792-CFEF-49A5-AC9B-B309E004CC05}.Debug|Documentation.ActiveCfg = Debug|Any CPU
		{DCA1E792-CFEF-49A5-AC9B-B309E004CC05}.Debug|Installer.ActiveCfg = Debug|Any CPU
		{DCA1E792-CFEF-49A5-AC9B-B309E004CC05}.Release|Any CPU.ActiveCfg = Release|Any CPU
		{DCA1E792-CFEF-49A5-AC9B-B309E004CC05}.Release|Any CPU.Build.0 = Release|Any CPU
		{DCA1E792-CFEF-49A5-AC9B-B309E004CC05}.Release|Documentation.ActiveCfg = Release|Any CPU
		{DCA1E792-CFEF-49A5-AC9B-B309E004CC05}.Release|Installer.ActiveCfg = Release|Any CPU
		{BBD411B8-EA6B-495C-93EE-B85801CA70B9}.Debug|Any CPU.ActiveCfg = Debug|Any CPU
		{BBD411B8-EA6B-495C-93EE-B85801CA70B9}.Debug|Any CPU.Build.0 = Debug|Any CPU
		{BBD411B8-EA6B-495C-93EE-B85801CA70B9}.Debug|Documentation.ActiveCfg = Debug|Any CPU
		{BBD411B8-EA6B-495C-93EE-B85801CA70B9}.Debug|Installer.ActiveCfg = Debug|Any CPU
		{BBD411B8-EA6B-495C-93EE-B85801CA70B9}.Release|Any CPU.ActiveCfg = Release|Any CPU
		{BBD411B8-EA6B-495C-93EE-B85801CA70B9}.Release|Any CPU.Build.0 = Release|Any CPU
		{BBD411B8-EA6B-495C-93EE-B85801CA70B9}.Release|Documentation.ActiveCfg = Release|Any CPU
		{BBD411B8-EA6B-495C-93EE-B85801CA70B9}.Release|Installer.ActiveCfg = Release|Any CPU
		{DF1709EE-B8D3-402C-9A0E-B992EFCBBCF0}.Debug|Any CPU.ActiveCfg = Debug|Any CPU
		{DF1709EE-B8D3-402C-9A0E-B992EFCBBCF0}.Debug|Any CPU.Build.0 = Debug|Any CPU
		{DF1709EE-B8D3-402C-9A0E-B992EFCBBCF0}.Debug|Documentation.ActiveCfg = Debug|Any CPU
		{DF1709EE-B8D3-402C-9A0E-B992EFCBBCF0}.Debug|Installer.ActiveCfg = Debug|Any CPU
		{DF1709EE-B8D3-402C-9A0E-B992EFCBBCF0}.Release|Any CPU.ActiveCfg = Release|Any CPU
		{DF1709EE-B8D3-402C-9A0E-B992EFCBBCF0}.Release|Any CPU.Build.0 = Release|Any CPU
		{DF1709EE-B8D3-402C-9A0E-B992EFCBBCF0}.Release|Documentation.ActiveCfg = Release|Any CPU
		{DF1709EE-B8D3-402C-9A0E-B992EFCBBCF0}.Release|Installer.ActiveCfg = Release|Any CPU
		{52182B9A-F8E4-4922-B991-68FBFDB036EF}.Debug|Any CPU.ActiveCfg = Debug|Any CPU
		{52182B9A-F8E4-4922-B991-68FBFDB036EF}.Debug|Any CPU.Build.0 = Debug|Any CPU
		{52182B9A-F8E4-4922-B991-68FBFDB036EF}.Debug|Documentation.ActiveCfg = Debug|Any CPU
		{52182B9A-F8E4-4922-B991-68FBFDB036EF}.Debug|Installer.ActiveCfg = Debug|Any CPU
		{52182B9A-F8E4-4922-B991-68FBFDB036EF}.Release|Any CPU.ActiveCfg = Release|Any CPU
		{52182B9A-F8E4-4922-B991-68FBFDB036EF}.Release|Any CPU.Build.0 = Release|Any CPU
		{52182B9A-F8E4-4922-B991-68FBFDB036EF}.Release|Documentation.ActiveCfg = Release|Any CPU
		{52182B9A-F8E4-4922-B991-68FBFDB036EF}.Release|Installer.ActiveCfg = Release|Any CPU
		{59F0456F-20B9-4C5B-AF84-EF55A6D2906B}.Debug|Any CPU.ActiveCfg = Debug|Any CPU
		{59F0456F-20B9-4C5B-AF84-EF55A6D2906B}.Debug|Documentation.ActiveCfg = Debug|Any CPU
		{59F0456F-20B9-4C5B-AF84-EF55A6D2906B}.Debug|Documentation.Build.0 = Debug|Any CPU
		{59F0456F-20B9-4C5B-AF84-EF55A6D2906B}.Debug|Installer.ActiveCfg = Debug|Any CPU
		{59F0456F-20B9-4C5B-AF84-EF55A6D2906B}.Release|Any CPU.ActiveCfg = Release|Any CPU
		{59F0456F-20B9-4C5B-AF84-EF55A6D2906B}.Release|Documentation.ActiveCfg = Release|Any CPU
		{59F0456F-20B9-4C5B-AF84-EF55A6D2906B}.Release|Documentation.Build.0 = Release|Any CPU
		{59F0456F-20B9-4C5B-AF84-EF55A6D2906B}.Release|Installer.ActiveCfg = Release|Any CPU
		{EC6EEC58-4907-4A9B-B76D-30F20B4AAC39}.Debug|Any CPU.ActiveCfg = Debug|Any CPU
		{EC6EEC58-4907-4A9B-B76D-30F20B4AAC39}.Debug|Documentation.ActiveCfg = Debug|Any CPU
		{EC6EEC58-4907-4A9B-B76D-30F20B4AAC39}.Debug|Installer.ActiveCfg = Debug|Any CPU
		{EC6EEC58-4907-4A9B-B76D-30F20B4AAC39}.Debug|Installer.Build.0 = Debug|Any CPU
		{EC6EEC58-4907-4A9B-B76D-30F20B4AAC39}.Release|Any CPU.ActiveCfg = Release|Any CPU
		{EC6EEC58-4907-4A9B-B76D-30F20B4AAC39}.Release|Documentation.ActiveCfg = Release|Any CPU
		{EC6EEC58-4907-4A9B-B76D-30F20B4AAC39}.Release|Installer.ActiveCfg = Release|Any CPU
		{EC6EEC58-4907-4A9B-B76D-30F20B4AAC39}.Release|Installer.Build.0 = Release|Any CPU
		{E17E0031-5951-41E4-8949-7695E8387A3F}.Debug|Any CPU.ActiveCfg = Debug|Any CPU
		{E17E0031-5951-41E4-8949-7695E8387A3F}.Debug|Documentation.ActiveCfg = Debug|Any CPU
		{E17E0031-5951-41E4-8949-7695E8387A3F}.Debug|Installer.ActiveCfg = Debug|Any CPU
		{E17E0031-5951-41E4-8949-7695E8387A3F}.Debug|Installer.Build.0 = Debug|Any CPU
		{E17E0031-5951-41E4-8949-7695E8387A3F}.Release|Any CPU.ActiveCfg = Release|Any CPU
		{E17E0031-5951-41E4-8949-7695E8387A3F}.Release|Documentation.ActiveCfg = Release|Any CPU
		{E17E0031-5951-41E4-8949-7695E8387A3F}.Release|Installer.ActiveCfg = Release|Any CPU
		{E17E0031-5951-41E4-8949-7695E8387A3F}.Release|Installer.Build.0 = Release|Any CPU
		{252ED98F-B947-4D38-A8D0-AC90A5BCBE7C}.Debug|Any CPU.ActiveCfg = Debug|Any CPU
		{252ED98F-B947-4D38-A8D0-AC90A5BCBE7C}.Debug|Any CPU.Build.0 = Debug|Any CPU
		{252ED98F-B947-4D38-A8D0-AC90A5BCBE7C}.Debug|Documentation.ActiveCfg = Debug|Any CPU
		{252ED98F-B947-4D38-A8D0-AC90A5BCBE7C}.Debug|Installer.ActiveCfg = Debug|Any CPU
		{252ED98F-B947-4D38-A8D0-AC90A5BCBE7C}.Release|Any CPU.ActiveCfg = Release|Any CPU
		{252ED98F-B947-4D38-A8D0-AC90A5BCBE7C}.Release|Any CPU.Build.0 = Release|Any CPU
		{252ED98F-B947-4D38-A8D0-AC90A5BCBE7C}.Release|Documentation.ActiveCfg = Release|Any CPU
		{252ED98F-B947-4D38-A8D0-AC90A5BCBE7C}.Release|Installer.ActiveCfg = Release|Any CPU
		{6F6DD3A5-9C9E-448A-963D-C047D0FBDE3F}.Debug|Any CPU.ActiveCfg = Debug|Any CPU
		{6F6DD3A5-9C9E-448A-963D-C047D0FBDE3F}.Debug|Documentation.ActiveCfg = Debug|Any CPU
		{6F6DD3A5-9C9E-448A-963D-C047D0FBDE3F}.Debug|Documentation.Build.0 = Debug|Any CPU
		{6F6DD3A5-9C9E-448A-963D-C047D0FBDE3F}.Debug|Installer.ActiveCfg = Debug|Any CPU
		{6F6DD3A5-9C9E-448A-963D-C047D0FBDE3F}.Release|Any CPU.ActiveCfg = Release|Any CPU
		{6F6DD3A5-9C9E-448A-963D-C047D0FBDE3F}.Release|Documentation.ActiveCfg = Release|Any CPU
		{6F6DD3A5-9C9E-448A-963D-C047D0FBDE3F}.Release|Documentation.Build.0 = Release|Any CPU
		{6F6DD3A5-9C9E-448A-963D-C047D0FBDE3F}.Release|Installer.ActiveCfg = Release|Any CPU
	EndGlobalSection
	GlobalSection(SolutionProperties) = preSolution
		HideSolutionNode = FALSE
	EndGlobalSection
	GlobalSection(NestedProjects) = preSolution
		{23EF7A22-E67F-4CB5-A83E-EC108BBA3201} = {8090819E-F6FF-4299-AA01-8088ABCA8D05}
		{A857E9EB-3C51-4D9D-92B3-ACC90175EB7E} = {F96238FE-3853-4742-8770-F07296FF08CF}
		{C20C27F0-30EC-4CEC-A6C1-D134B001FE68} = {D8EB8FAC-BCAC-499D-BD13-81672F19F0E9}
		{38B646E5-3C3D-4B7B-83BF-5686CFCF773E} = {D8EB8FAC-BCAC-499D-BD13-81672F19F0E9}
		{4EF4F830-92A1-46D1-8E70-38C5BF52165B} = {17763EAD-C4E7-4DC1-95D7-B70892939CF0}
		{C48982A8-FC03-4688-B0FD-31813A7EE688} = {F96238FE-3853-4742-8770-F07296FF08CF}
		{5694F858-4837-4354-A808-0C7941D45B58} = {24ADB72A-FE6B-4334-B5E2-42B8CE12B75D}
		{54E08588-2A70-4545-9FCE-0E3B6B04158A} = {24ADB72A-FE6B-4334-B5E2-42B8CE12B75D}
		{7F304954-A190-4003-B11E-A9043113396D} = {24ADB72A-FE6B-4334-B5E2-42B8CE12B75D}
		{06DA637B-2C33-423D-A222-E2D909EEA47E} = {124E9A49-304B-4157-80A1-F9F776745F9C}
		{C12052C1-872A-4B04-97FB-9347A4539C87} = {124E9A49-304B-4157-80A1-F9F776745F9C}
		{DA0DFE9E-363D-411E-BBB5-B22C6379CC0F} = {D8EB8FAC-BCAC-499D-BD13-81672F19F0E9}
		{802680EB-8A43-447A-BE01-4BFEB12B0106} = {D8EB8FAC-BCAC-499D-BD13-81672F19F0E9}
		{24ADB72A-FE6B-4334-B5E2-42B8CE12B75D} = {8090819E-F6FF-4299-AA01-8088ABCA8D05}
		{E7943E87-1406-4D83-AAC0-727DC8116E9C} = {D8EB8FAC-BCAC-499D-BD13-81672F19F0E9}
		{7D84422C-8D1D-406C-8462-707B937FAE8F} = {D8EB8FAC-BCAC-499D-BD13-81672F19F0E9}
		{B2D9D9D6-F121-4797-8BB8-5263EF26FBF8} = {F96238FE-3853-4742-8770-F07296FF08CF}
		{919B5DEF-938A-4FD6-B092-7100A45F4EB0} = {D8EB8FAC-BCAC-499D-BD13-81672F19F0E9}
		{7C722998-FBFD-438C-9446-E67154EDBFC5} = {F96238FE-3853-4742-8770-F07296FF08CF}
		{92E23510-B574-4F8E-805E-03ABF225750A} = {D8EB8FAC-BCAC-499D-BD13-81672F19F0E9}
		{3D34F658-A506-4B39-8E7E-9C088B86B939} = {D8EB8FAC-BCAC-499D-BD13-81672F19F0E9}
		{5A089023-B1A4-4AB5-84AC-57EB65090CDD} = {D8EB8FAC-BCAC-499D-BD13-81672F19F0E9}
		{601BDF43-F612-4974-9290-D87517451D45} = {D8EB8FAC-BCAC-499D-BD13-81672F19F0E9}
		{BB4F57E2-8CE8-4F7E-ABE7-D6DE51593B54} = {D8EB8FAC-BCAC-499D-BD13-81672F19F0E9}
		{3B77C36B-59B1-4D1A-9B9F-4B707ADEF3EB} = {D8EB8FAC-BCAC-499D-BD13-81672F19F0E9}
		{24137E26-9A3F-4CA3-8168-965FFEC133E9} = {D8EB8FAC-BCAC-499D-BD13-81672F19F0E9}
		{6B742F0A-65B1-4EE0-991B-F587A88271D6} = {D8EB8FAC-BCAC-499D-BD13-81672F19F0E9}
		{BC2B4DE3-549A-4CDC-8208-D887509AC21D} = {D8EB8FAC-BCAC-499D-BD13-81672F19F0E9}
		{835A05C0-ED4C-4D3A-88E4-D8BC3686ED2F} = {D8EB8FAC-BCAC-499D-BD13-81672F19F0E9}
		{E32F465C-8999-44E1-BA6A-A7C12E3FB5FD} = {D8EB8FAC-BCAC-499D-BD13-81672F19F0E9}
		{25B2460C-64F5-471A-AA11-5DF22AF01479} = {D8EB8FAC-BCAC-499D-BD13-81672F19F0E9}
		{9246E5EA-DF78-4976-8244-49C3123B898A} = {0E42F8CF-A36D-432B-B258-9086E00CE891}
		{C5D41223-E5EF-410D-81B1-4F439AF4AF1C} = {A847360C-2B23-439B-B581-3C12AB5BD56F}
		{1834C3A1-43CC-4C26-AF46-6072319826FA} = {D8EB8FAC-BCAC-499D-BD13-81672F19F0E9}
		{8B85ED53-12E1-4759-BC77-7E5F0E673A1F} = {D8EB8FAC-BCAC-499D-BD13-81672F19F0E9}
		{305329D3-FBC0-4BAA-9993-F04D6D72BF13} = {D8EB8FAC-BCAC-499D-BD13-81672F19F0E9}
		{00BF31C4-4C6A-435F-B9F0-BEAA18C4D868} = {D8EB8FAC-BCAC-499D-BD13-81672F19F0E9}
		{090B22A4-B940-4C4D-BE70-E68AA838832E} = {D8EB8FAC-BCAC-499D-BD13-81672F19F0E9}
		{DBB5A36B-6BE8-4490-9128-32AB2DBA7A92} = {090B22A4-B940-4C4D-BE70-E68AA838832E}
		{21F17015-7EA1-4DF2-A3DD-EADD207C07E3} = {090B22A4-B940-4C4D-BE70-E68AA838832E}
		{6E305975-0BEE-49D2-9C01-EAE7CA972461} = {090B22A4-B940-4C4D-BE70-E68AA838832E}
		{2C8559B1-04AA-4803-A052-27B686E6DA0A} = {090B22A4-B940-4C4D-BE70-E68AA838832E}
		{3ED1A9E6-3F3C-4B56-AD39-BE8B2489804B} = {090B22A4-B940-4C4D-BE70-E68AA838832E}
		{34DEA2EA-D0B0-40C4-8A51-24D7198A70ED} = {090B22A4-B940-4C4D-BE70-E68AA838832E}
		{9CF5535F-D434-4919-9E85-4AEA3C45B681} = {090B22A4-B940-4C4D-BE70-E68AA838832E}
		{3D177414-59E6-4BBF-84DD-0C9467554BD5} = {090B22A4-B940-4C4D-BE70-E68AA838832E}
		{DCA1E792-CFEF-49A5-AC9B-B309E004CC05} = {090B22A4-B940-4C4D-BE70-E68AA838832E}
		{BBD411B8-EA6B-495C-93EE-B85801CA70B9} = {090B22A4-B940-4C4D-BE70-E68AA838832E}
		{DF1709EE-B8D3-402C-9A0E-B992EFCBBCF0} = {090B22A4-B940-4C4D-BE70-E68AA838832E}
		{52182B9A-F8E4-4922-B991-68FBFDB036EF} = {090B22A4-B940-4C4D-BE70-E68AA838832E}
		{59F0456F-20B9-4C5B-AF84-EF55A6D2906B} = {A81F8DF5-6398-4D3D-9E7A-BE5C7C90CD6B}
		{EC6EEC58-4907-4A9B-B76D-30F20B4AAC39} = {17763EAD-C4E7-4DC1-95D7-B70892939CF0}
		{E17E0031-5951-41E4-8949-7695E8387A3F} = {8090819E-F6FF-4299-AA01-8088ABCA8D05}
		{252ED98F-B947-4D38-A8D0-AC90A5BCBE7C} = {D8EB8FAC-BCAC-499D-BD13-81672F19F0E9}
		{EFC943F6-358A-45B4-80F1-064536F65945} = {A81F8DF5-6398-4D3D-9E7A-BE5C7C90CD6B}
		{6F6DD3A5-9C9E-448A-963D-C047D0FBDE3F} = {EFC943F6-358A-45B4-80F1-064536F65945}
	EndGlobalSection
EndGlobal
