
Microsoft Visual Studio Solution File, Format Version 12.00
# Visual Studio 14
VisualStudioVersion = 14.0.24720.0
MinimumVisualStudioVersion = 10.0.40219.1
Project("{FAE04EC0-301F-11D3-BF4B-00C04F79EFBC}") = "RevolutionPatcher", "RevolutionPatcher\RevolutionPatcher.csproj", "{7F304954-A190-4003-B11E-A9043113396D}"
EndProject
Project("{FAE04EC0-301F-11D3-BF4B-00C04F79EFBC}") = "Revolution", "Revolution\Revolution.csproj", "{A857E9EB-3C51-4D9D-92B3-ACC90175EB7E}"
EndProject
Project("{FAE04EC0-301F-11D3-BF4B-00C04F79EFBC}") = "RevolutionDebugger", "RevolutionUnitTests\RevolutionDebugger.csproj", "{4EF4F830-92A1-46D1-8E70-38C5BF52165B}"
	ProjectSection(ProjectDependencies) = postProject
		{23EF7A22-E67F-4CB5-A83E-EC108BBA3201} = {23EF7A22-E67F-4CB5-A83E-EC108BBA3201}
		{6A6C072D-F3FE-4DE5-B6E5-944E16B910D1} = {6A6C072D-F3FE-4DE5-B6E5-944E16B910D1}
		{7F304954-A190-4003-B11E-A9043113396D} = {7F304954-A190-4003-B11E-A9043113396D}
		{A857E9EB-3C51-4D9D-92B3-ACC90175EB7E} = {A857E9EB-3C51-4D9D-92B3-ACC90175EB7E}
		{C20C27F0-30EC-4CEC-A6C1-D134B001FE68} = {C20C27F0-30EC-4CEC-A6C1-D134B001FE68}
	EndProjectSection
EndProject
Project("{FAE04EC0-301F-11D3-BF4B-00C04F79EFBC}") = "RevolutionInstaller-Console", "RevolutionInstaller-Console\RevolutionInstaller-Console.csproj", "{23EF7A22-E67F-4CB5-A83E-EC108BBA3201}"
EndProject
Project("{FAE04EC0-301F-11D3-BF4B-00C04F79EFBC}") = "RevolutionInstaller-UI", "RevolutionInstaller-UI\RevolutionInstaller-UI.csproj", "{6A6C072D-F3FE-4DE5-B6E5-944E16B910D1}"
EndProject
Project("{2150E333-8FDC-42A3-9474-1A3956D46DE8}") = "Mods", "Mods", "{D8EB8FAC-BCAC-499D-BD13-81672F19F0E9}"
EndProject
Project("{2150E333-8FDC-42A3-9474-1A3956D46DE8}") = "Installers", "Installers", "{8090819E-F6FF-4299-AA01-8088ABCA8D05}"
EndProject
Project("{2150E333-8FDC-42A3-9474-1A3956D46DE8}") = "Libraries", "Libraries", "{F96238FE-3853-4742-8770-F07296FF08CF}"
EndProject
Project("{FAE04EC0-301F-11D3-BF4B-00C04F79EFBC}") = "LoggingMod", "ExampleMods\LoggingMod\LoggingMod.csproj", "{C20C27F0-30EC-4CEC-A6C1-D134B001FE68}"
	ProjectSection(ProjectDependencies) = postProject
		{23EF7A22-E67F-4CB5-A83E-EC108BBA3201} = {23EF7A22-E67F-4CB5-A83E-EC108BBA3201}
		{A857E9EB-3C51-4D9D-92B3-ACC90175EB7E} = {A857E9EB-3C51-4D9D-92B3-ACC90175EB7E}
	EndProjectSection
EndProject
Project("{FAE04EC0-301F-11D3-BF4B-00C04F79EFBC}") = "ModLoaderMod", "ExampleMods\ModLoaderMod\ModLoaderMod.csproj", "{38B646E5-3C3D-4B7B-83BF-5686CFCF773E}"
	ProjectSection(ProjectDependencies) = postProject
		{23EF7A22-E67F-4CB5-A83E-EC108BBA3201} = {23EF7A22-E67F-4CB5-A83E-EC108BBA3201}
		{A857E9EB-3C51-4D9D-92B3-ACC90175EB7E} = {A857E9EB-3C51-4D9D-92B3-ACC90175EB7E}
	EndProjectSection
EndProject
Global
	GlobalSection(SolutionConfigurationPlatforms) = preSolution
		Debug|Any CPU = Debug|Any CPU
		Release|Any CPU = Release|Any CPU
	EndGlobalSection
	GlobalSection(ProjectConfigurationPlatforms) = postSolution
		{7F304954-A190-4003-B11E-A9043113396D}.Debug|Any CPU.ActiveCfg = Debug|Any CPU
		{7F304954-A190-4003-B11E-A9043113396D}.Debug|Any CPU.Build.0 = Debug|Any CPU
		{7F304954-A190-4003-B11E-A9043113396D}.Release|Any CPU.ActiveCfg = Release|Any CPU
		{7F304954-A190-4003-B11E-A9043113396D}.Release|Any CPU.Build.0 = Release|Any CPU
		{A857E9EB-3C51-4D9D-92B3-ACC90175EB7E}.Debug|Any CPU.ActiveCfg = Debug|Any CPU
		{A857E9EB-3C51-4D9D-92B3-ACC90175EB7E}.Debug|Any CPU.Build.0 = Debug|Any CPU
		{A857E9EB-3C51-4D9D-92B3-ACC90175EB7E}.Release|Any CPU.ActiveCfg = Release|Any CPU
		{A857E9EB-3C51-4D9D-92B3-ACC90175EB7E}.Release|Any CPU.Build.0 = Release|Any CPU
		{4EF4F830-92A1-46D1-8E70-38C5BF52165B}.Debug|Any CPU.ActiveCfg = Debug|Any CPU
		{4EF4F830-92A1-46D1-8E70-38C5BF52165B}.Debug|Any CPU.Build.0 = Debug|Any CPU
		{4EF4F830-92A1-46D1-8E70-38C5BF52165B}.Release|Any CPU.ActiveCfg = Release|Any CPU
		{4EF4F830-92A1-46D1-8E70-38C5BF52165B}.Release|Any CPU.Build.0 = Release|Any CPU
		{23EF7A22-E67F-4CB5-A83E-EC108BBA3201}.Debug|Any CPU.ActiveCfg = Debug|Any CPU
		{23EF7A22-E67F-4CB5-A83E-EC108BBA3201}.Debug|Any CPU.Build.0 = Debug|Any CPU
		{23EF7A22-E67F-4CB5-A83E-EC108BBA3201}.Release|Any CPU.ActiveCfg = Release|Any CPU
		{23EF7A22-E67F-4CB5-A83E-EC108BBA3201}.Release|Any CPU.Build.0 = Release|Any CPU
		{6A6C072D-F3FE-4DE5-B6E5-944E16B910D1}.Debug|Any CPU.ActiveCfg = Debug|Any CPU
		{6A6C072D-F3FE-4DE5-B6E5-944E16B910D1}.Debug|Any CPU.Build.0 = Debug|Any CPU
		{6A6C072D-F3FE-4DE5-B6E5-944E16B910D1}.Release|Any CPU.ActiveCfg = Release|Any CPU
		{6A6C072D-F3FE-4DE5-B6E5-944E16B910D1}.Release|Any CPU.Build.0 = Release|Any CPU
		{C20C27F0-30EC-4CEC-A6C1-D134B001FE68}.Debug|Any CPU.ActiveCfg = Debug|Any CPU
		{C20C27F0-30EC-4CEC-A6C1-D134B001FE68}.Debug|Any CPU.Build.0 = Debug|Any CPU
		{C20C27F0-30EC-4CEC-A6C1-D134B001FE68}.Release|Any CPU.ActiveCfg = Release|Any CPU
		{C20C27F0-30EC-4CEC-A6C1-D134B001FE68}.Release|Any CPU.Build.0 = Release|Any CPU
		{38B646E5-3C3D-4B7B-83BF-5686CFCF773E}.Debug|Any CPU.ActiveCfg = Debug|Any CPU
		{38B646E5-3C3D-4B7B-83BF-5686CFCF773E}.Debug|Any CPU.Build.0 = Debug|Any CPU
		{38B646E5-3C3D-4B7B-83BF-5686CFCF773E}.Release|Any CPU.ActiveCfg = Release|Any CPU
		{38B646E5-3C3D-4B7B-83BF-5686CFCF773E}.Release|Any CPU.Build.0 = Release|Any CPU
	EndGlobalSection
	GlobalSection(SolutionProperties) = preSolution
		HideSolutionNode = FALSE
	EndGlobalSection
	GlobalSection(NestedProjects) = preSolution
		{7F304954-A190-4003-B11E-A9043113396D} = {F96238FE-3853-4742-8770-F07296FF08CF}
		{A857E9EB-3C51-4D9D-92B3-ACC90175EB7E} = {F96238FE-3853-4742-8770-F07296FF08CF}
		{23EF7A22-E67F-4CB5-A83E-EC108BBA3201} = {8090819E-F6FF-4299-AA01-8088ABCA8D05}
		{6A6C072D-F3FE-4DE5-B6E5-944E16B910D1} = {8090819E-F6FF-4299-AA01-8088ABCA8D05}
		{C20C27F0-30EC-4CEC-A6C1-D134B001FE68} = {D8EB8FAC-BCAC-499D-BD13-81672F19F0E9}
		{38B646E5-3C3D-4B7B-83BF-5686CFCF773E} = {D8EB8FAC-BCAC-499D-BD13-81672F19F0E9}
	EndGlobalSection
EndGlobal
